// !$*UTF8*$!
{
	archiveVersion = 1;
	classes = {
	};
	objectVersion = 46;
	objects = {

/* Begin PBXBuildFile section */
		231D0BD519642D69007747C8 /* Foundation.framework in Frameworks */ = {isa = PBXBuildFile; fileRef = 231D0BD419642D69007747C8 /* Foundation.framework */; };
		231D0BD719642D69007747C8 /* CoreGraphics.framework in Frameworks */ = {isa = PBXBuildFile; fileRef = 231D0BD619642D69007747C8 /* CoreGraphics.framework */; };
		231D0BD919642D69007747C8 /* UIKit.framework in Frameworks */ = {isa = PBXBuildFile; fileRef = 231D0BD819642D69007747C8 /* UIKit.framework */; };
		231D0BDB19642D69007747C8 /* SpriteKit.framework in Frameworks */ = {isa = PBXBuildFile; fileRef = 231D0BDA19642D69007747C8 /* SpriteKit.framework */; };
		231D0BE119642D69007747C8 /* InfoPlist.strings in Resources */ = {isa = PBXBuildFile; fileRef = 231D0BDF19642D69007747C8 /* InfoPlist.strings */; };
		231D0BE319642D69007747C8 /* main.m in Sources */ = {isa = PBXBuildFile; fileRef = 231D0BE219642D69007747C8 /* main.m */; };
		231D0BE719642D69007747C8 /* AppDelegate.m in Sources */ = {isa = PBXBuildFile; fileRef = 231D0BE619642D69007747C8 /* AppDelegate.m */; };
		231D0BEA19642D69007747C8 /* Main.storyboard in Resources */ = {isa = PBXBuildFile; fileRef = 231D0BE819642D69007747C8 /* Main.storyboard */; };
		231D0BED19642D69007747C8 /* ViewController.m in Sources */ = {isa = PBXBuildFile; fileRef = 231D0BEC19642D69007747C8 /* ViewController.m */; };
		231D0BF019642D69007747C8 /* MyScene.m in Sources */ = {isa = PBXBuildFile; fileRef = 231D0BEF19642D69007747C8 /* MyScene.m */; };
		231D0BF419642D69007747C8 /* Images.xcassets in Resources */ = {isa = PBXBuildFile; fileRef = 231D0BF319642D69007747C8 /* Images.xcassets */; };
		231D0BFB19642D69007747C8 /* XCTest.framework in Frameworks */ = {isa = PBXBuildFile; fileRef = 231D0BFA19642D69007747C8 /* XCTest.framework */; };
		231D0BFC19642D69007747C8 /* Foundation.framework in Frameworks */ = {isa = PBXBuildFile; fileRef = 231D0BD419642D69007747C8 /* Foundation.framework */; };
		231D0BFD19642D69007747C8 /* UIKit.framework in Frameworks */ = {isa = PBXBuildFile; fileRef = 231D0BD819642D69007747C8 /* UIKit.framework */; };
		231D0C0519642D69007747C8 /* InfoPlist.strings in Resources */ = {isa = PBXBuildFile; fileRef = 231D0C0319642D69007747C8 /* InfoPlist.strings */; };
		231D0C0719642D69007747C8 /* Dr_Quimm2Tests.m in Sources */ = {isa = PBXBuildFile; fileRef = 231D0C0619642D69007747C8 /* Dr_Quimm2Tests.m */; };
		231D0C1219642EA8007747C8 /* DQJogador.m in Sources */ = {isa = PBXBuildFile; fileRef = 231D0C1119642EA8007747C8 /* DQJogador.m */; };
		23CFE0251964398200FDC3C2 /* Parado.atlas in Resources */ = {isa = PBXBuildFile; fileRef = 23CFE0221964398200FDC3C2 /* Parado.atlas */; };
		23CFE0261964398200FDC3C2 /* Pulando.atlas in Resources */ = {isa = PBXBuildFile; fileRef = 23CFE0231964398200FDC3C2 /* Pulando.atlas */; };
		23CFE0271964398200FDC3C2 /* Andando.atlas in Resources */ = {isa = PBXBuildFile; fileRef = 23CFE0241964398200FDC3C2 /* Andando.atlas */; };
		23CFE0291964453800FDC3C2 /* pilotoComCientista.png in Resources */ = {isa = PBXBuildFile; fileRef = 23CFE0281964453800FDC3C2 /* pilotoComCientista.png */; };
		23CFE02D1964749B00FDC3C2 /* DQControleCorpoFisico.m in Sources */ = {isa = PBXBuildFile; fileRef = 23CFE02C1964749B00FDC3C2 /* DQControleCorpoFisico.m */; };
		23CFE0311964789A00FDC3C2 /* DQIntroducao.m in Sources */ = {isa = PBXBuildFile; fileRef = 23CFE0301964789A00FDC3C2 /* DQIntroducao.m */; };
		23CFE03819647B0200FDC3C2 /* DQFala.m in Sources */ = {isa = PBXBuildFile; fileRef = 23CFE03719647B0200FDC3C2 /* DQFala.m */; };
		23CFE03B19647B0A00FDC3C2 /* DQCena.m in Sources */ = {isa = PBXBuildFile; fileRef = 23CFE03A19647B0A00FDC3C2 /* DQCena.m */; };
		23CFE03E19647B1300FDC3C2 /* DQCutscene.m in Sources */ = {isa = PBXBuildFile; fileRef = 23CFE03D19647B1300FDC3C2 /* DQCutscene.m */; };
		23CFE04319647C4100FDC3C2 /* DQGestoPulo.m in Sources */ = {isa = PBXBuildFile; fileRef = 23CFE04219647C4100FDC3C2 /* DQGestoPulo.m */; };
		23CFE0471964880800FDC3C2 /* FalasDoJogo.plist in Resources */ = {isa = PBXBuildFile; fileRef = 23CFE0451964880800FDC3C2 /* FalasDoJogo.plist */; };
		23CFE0481964880800FDC3C2 /* cutscene.plist in Resources */ = {isa = PBXBuildFile; fileRef = 23CFE0461964880800FDC3C2 /* cutscene.plist */; };
		23CFE05719648B8700FDC3C2 /* parte1C.png in Resources */ = {isa = PBXBuildFile; fileRef = 23CFE04919648B8700FDC3C2 /* parte1C.png */; };
		23CFE05819648B8700FDC3C2 /* parte10C.png in Resources */ = {isa = PBXBuildFile; fileRef = 23CFE04A19648B8700FDC3C2 /* parte10C.png */; };
		23CFE05919648B8700FDC3C2 /* parte11C.png in Resources */ = {isa = PBXBuildFile; fileRef = 23CFE04B19648B8700FDC3C2 /* parte11C.png */; };
		23CFE05A19648B8700FDC3C2 /* parte12C.png in Resources */ = {isa = PBXBuildFile; fileRef = 23CFE04C19648B8700FDC3C2 /* parte12C.png */; };
		23CFE05B19648B8700FDC3C2 /* parte13C.png in Resources */ = {isa = PBXBuildFile; fileRef = 23CFE04D19648B8700FDC3C2 /* parte13C.png */; };
		23CFE05C19648B8700FDC3C2 /* parte14C.png in Resources */ = {isa = PBXBuildFile; fileRef = 23CFE04E19648B8700FDC3C2 /* parte14C.png */; };
		23CFE05D19648B8700FDC3C2 /* parte2C.png in Resources */ = {isa = PBXBuildFile; fileRef = 23CFE04F19648B8700FDC3C2 /* parte2C.png */; };
		23CFE05E19648B8700FDC3C2 /* parte3C.png in Resources */ = {isa = PBXBuildFile; fileRef = 23CFE05019648B8700FDC3C2 /* parte3C.png */; };
		23CFE05F19648B8700FDC3C2 /* parte4C.png in Resources */ = {isa = PBXBuildFile; fileRef = 23CFE05119648B8700FDC3C2 /* parte4C.png */; };
		23CFE06019648B8700FDC3C2 /* parte5C.png in Resources */ = {isa = PBXBuildFile; fileRef = 23CFE05219648B8700FDC3C2 /* parte5C.png */; };
		23CFE06119648B8700FDC3C2 /* parte6C.png in Resources */ = {isa = PBXBuildFile; fileRef = 23CFE05319648B8700FDC3C2 /* parte6C.png */; };
		23CFE06219648B8700FDC3C2 /* parte7C.png in Resources */ = {isa = PBXBuildFile; fileRef = 23CFE05419648B8700FDC3C2 /* parte7C.png */; };
		23CFE06319648B8700FDC3C2 /* parte8C.png in Resources */ = {isa = PBXBuildFile; fileRef = 23CFE05519648B8700FDC3C2 /* parte8C.png */; };
		23CFE06419648B8700FDC3C2 /* parte9C.png in Resources */ = {isa = PBXBuildFile; fileRef = 23CFE05619648B8700FDC3C2 /* parte9C.png */; };
		23CFE07619648BB700FDC3C2 /* parte1.png in Resources */ = {isa = PBXBuildFile; fileRef = 23CFE06819648BB700FDC3C2 /* parte1.png */; };
		23CFE07719648BB700FDC3C2 /* parte10.png in Resources */ = {isa = PBXBuildFile; fileRef = 23CFE06919648BB700FDC3C2 /* parte10.png */; };
		23CFE07819648BB700FDC3C2 /* parte11.png in Resources */ = {isa = PBXBuildFile; fileRef = 23CFE06A19648BB700FDC3C2 /* parte11.png */; };
		23CFE07919648BB700FDC3C2 /* parte12.png in Resources */ = {isa = PBXBuildFile; fileRef = 23CFE06B19648BB700FDC3C2 /* parte12.png */; };
		23CFE07A19648BB700FDC3C2 /* parte13.png in Resources */ = {isa = PBXBuildFile; fileRef = 23CFE06C19648BB700FDC3C2 /* parte13.png */; };
		23CFE07B19648BB700FDC3C2 /* parte14.png in Resources */ = {isa = PBXBuildFile; fileRef = 23CFE06D19648BB700FDC3C2 /* parte14.png */; };
		23CFE07C19648BB700FDC3C2 /* parte2.png in Resources */ = {isa = PBXBuildFile; fileRef = 23CFE06E19648BB700FDC3C2 /* parte2.png */; };
		23CFE07D19648BB700FDC3C2 /* parte3.png in Resources */ = {isa = PBXBuildFile; fileRef = 23CFE06F19648BB700FDC3C2 /* parte3.png */; };
		23CFE07E19648BB700FDC3C2 /* parte4.png in Resources */ = {isa = PBXBuildFile; fileRef = 23CFE07019648BB700FDC3C2 /* parte4.png */; };
		23CFE07F19648BB700FDC3C2 /* parte5.png in Resources */ = {isa = PBXBuildFile; fileRef = 23CFE07119648BB700FDC3C2 /* parte5.png */; };
		23CFE08019648BB700FDC3C2 /* parte6.png in Resources */ = {isa = PBXBuildFile; fileRef = 23CFE07219648BB700FDC3C2 /* parte6.png */; };
		23CFE08119648BB700FDC3C2 /* parte7.png in Resources */ = {isa = PBXBuildFile; fileRef = 23CFE07319648BB700FDC3C2 /* parte7.png */; };
		23CFE08219648BB700FDC3C2 /* parte8.png in Resources */ = {isa = PBXBuildFile; fileRef = 23CFE07419648BB700FDC3C2 /* parte8.png */; };
		23CFE08319648BB700FDC3C2 /* parte9.png in Resources */ = {isa = PBXBuildFile; fileRef = 23CFE07519648BB700FDC3C2 /* parte9.png */; };
		23CFE08919648C0700FDC3C2 /* Cutscene01.atlas in Resources */ = {isa = PBXBuildFile; fileRef = 23CFE08819648C0700FDC3C2 /* Cutscene01.atlas */; };
/* End PBXBuildFile section */

/* Begin PBXContainerItemProxy section */
		231D0BFE19642D69007747C8 /* PBXContainerItemProxy */ = {
			isa = PBXContainerItemProxy;
			containerPortal = 231D0BC919642D69007747C8 /* Project object */;
			proxyType = 1;
			remoteGlobalIDString = 231D0BD019642D69007747C8;
			remoteInfo = Dr.Quimm2;
		};
/* End PBXContainerItemProxy section */

/* Begin PBXFileReference section */
		231D0BD119642D69007747C8 /* Dr.Quimm2.app */ = {isa = PBXFileReference; explicitFileType = wrapper.application; includeInIndex = 0; path = Dr.Quimm2.app; sourceTree = BUILT_PRODUCTS_DIR; };
		231D0BD419642D69007747C8 /* Foundation.framework */ = {isa = PBXFileReference; lastKnownFileType = wrapper.framework; name = Foundation.framework; path = System/Library/Frameworks/Foundation.framework; sourceTree = SDKROOT; };
		231D0BD619642D69007747C8 /* CoreGraphics.framework */ = {isa = PBXFileReference; lastKnownFileType = wrapper.framework; name = CoreGraphics.framework; path = System/Library/Frameworks/CoreGraphics.framework; sourceTree = SDKROOT; };
		231D0BD819642D69007747C8 /* UIKit.framework */ = {isa = PBXFileReference; lastKnownFileType = wrapper.framework; name = UIKit.framework; path = System/Library/Frameworks/UIKit.framework; sourceTree = SDKROOT; };
		231D0BDA19642D69007747C8 /* SpriteKit.framework */ = {isa = PBXFileReference; lastKnownFileType = wrapper.framework; name = SpriteKit.framework; path = System/Library/Frameworks/SpriteKit.framework; sourceTree = SDKROOT; };
		231D0BDE19642D69007747C8 /* Dr.Quimm2-Info.plist */ = {isa = PBXFileReference; lastKnownFileType = text.plist.xml; path = "Dr.Quimm2-Info.plist"; sourceTree = "<group>"; };
		231D0BE019642D69007747C8 /* en */ = {isa = PBXFileReference; lastKnownFileType = text.plist.strings; name = en; path = en.lproj/InfoPlist.strings; sourceTree = "<group>"; };
		231D0BE219642D69007747C8 /* main.m */ = {isa = PBXFileReference; lastKnownFileType = sourcecode.c.objc; path = main.m; sourceTree = "<group>"; };
		231D0BE419642D69007747C8 /* Dr.Quimm2-Prefix.pch */ = {isa = PBXFileReference; lastKnownFileType = sourcecode.c.h; path = "Dr.Quimm2-Prefix.pch"; sourceTree = "<group>"; };
		231D0BE519642D69007747C8 /* AppDelegate.h */ = {isa = PBXFileReference; lastKnownFileType = sourcecode.c.h; path = AppDelegate.h; sourceTree = "<group>"; };
		231D0BE619642D69007747C8 /* AppDelegate.m */ = {isa = PBXFileReference; lastKnownFileType = sourcecode.c.objc; path = AppDelegate.m; sourceTree = "<group>"; };
		231D0BE919642D69007747C8 /* Base */ = {isa = PBXFileReference; lastKnownFileType = file.storyboard; name = Base; path = Base.lproj/Main.storyboard; sourceTree = "<group>"; };
		231D0BEB19642D69007747C8 /* ViewController.h */ = {isa = PBXFileReference; lastKnownFileType = sourcecode.c.h; path = ViewController.h; sourceTree = "<group>"; };
		231D0BEC19642D69007747C8 /* ViewController.m */ = {isa = PBXFileReference; lastKnownFileType = sourcecode.c.objc; path = ViewController.m; sourceTree = "<group>"; };
		231D0BEE19642D69007747C8 /* MyScene.h */ = {isa = PBXFileReference; lastKnownFileType = sourcecode.c.h; path = MyScene.h; sourceTree = "<group>"; };
		231D0BEF19642D69007747C8 /* MyScene.m */ = {isa = PBXFileReference; lastKnownFileType = sourcecode.c.objc; path = MyScene.m; sourceTree = "<group>"; };
		231D0BF319642D69007747C8 /* Images.xcassets */ = {isa = PBXFileReference; lastKnownFileType = folder.assetcatalog; path = Images.xcassets; sourceTree = "<group>"; };
		231D0BF919642D69007747C8 /* Dr.Quimm2Tests.xctest */ = {isa = PBXFileReference; explicitFileType = wrapper.cfbundle; includeInIndex = 0; path = Dr.Quimm2Tests.xctest; sourceTree = BUILT_PRODUCTS_DIR; };
		231D0BFA19642D69007747C8 /* XCTest.framework */ = {isa = PBXFileReference; lastKnownFileType = wrapper.framework; name = XCTest.framework; path = Library/Frameworks/XCTest.framework; sourceTree = DEVELOPER_DIR; };
		231D0C0219642D69007747C8 /* Dr.Quimm2Tests-Info.plist */ = {isa = PBXFileReference; lastKnownFileType = text.plist.xml; path = "Dr.Quimm2Tests-Info.plist"; sourceTree = "<group>"; };
		231D0C0419642D69007747C8 /* en */ = {isa = PBXFileReference; lastKnownFileType = text.plist.strings; name = en; path = en.lproj/InfoPlist.strings; sourceTree = "<group>"; };
		231D0C0619642D69007747C8 /* Dr_Quimm2Tests.m */ = {isa = PBXFileReference; lastKnownFileType = sourcecode.c.objc; path = Dr_Quimm2Tests.m; sourceTree = "<group>"; };
		231D0C1019642EA8007747C8 /* DQJogador.h */ = {isa = PBXFileReference; fileEncoding = 4; lastKnownFileType = sourcecode.c.h; path = DQJogador.h; sourceTree = "<group>"; };
		231D0C1119642EA8007747C8 /* DQJogador.m */ = {isa = PBXFileReference; fileEncoding = 4; lastKnownFileType = sourcecode.c.objc; path = DQJogador.m; sourceTree = "<group>"; };
		23CFE0221964398200FDC3C2 /* Parado.atlas */ = {isa = PBXFileReference; lastKnownFileType = folder.skatlas; path = Parado.atlas; sourceTree = "<group>"; };
		23CFE0231964398200FDC3C2 /* Pulando.atlas */ = {isa = PBXFileReference; lastKnownFileType = folder.skatlas; path = Pulando.atlas; sourceTree = "<group>"; };
		23CFE0241964398200FDC3C2 /* Andando.atlas */ = {isa = PBXFileReference; lastKnownFileType = folder.skatlas; path = Andando.atlas; sourceTree = "<group>"; };
		23CFE0281964453800FDC3C2 /* pilotoComCientista.png */ = {isa = PBXFileReference; lastKnownFileType = image.png; path = pilotoComCientista.png; sourceTree = "<group>"; };
		23CFE02B1964749B00FDC3C2 /* DQControleCorpoFisico.h */ = {isa = PBXFileReference; fileEncoding = 4; lastKnownFileType = sourcecode.c.h; path = DQControleCorpoFisico.h; sourceTree = "<group>"; };
		23CFE02C1964749B00FDC3C2 /* DQControleCorpoFisico.m */ = {isa = PBXFileReference; fileEncoding = 4; lastKnownFileType = sourcecode.c.objc; path = DQControleCorpoFisico.m; sourceTree = "<group>"; };
		23CFE02F1964789A00FDC3C2 /* DQIntroducao.h */ = {isa = PBXFileReference; fileEncoding = 4; lastKnownFileType = sourcecode.c.h; path = DQIntroducao.h; sourceTree = "<group>"; };
		23CFE0301964789A00FDC3C2 /* DQIntroducao.m */ = {isa = PBXFileReference; fileEncoding = 4; lastKnownFileType = sourcecode.c.objc; path = DQIntroducao.m; sourceTree = "<group>"; };
		23CFE03619647B0200FDC3C2 /* DQFala.h */ = {isa = PBXFileReference; fileEncoding = 4; lastKnownFileType = sourcecode.c.h; path = DQFala.h; sourceTree = "<group>"; };
		23CFE03719647B0200FDC3C2 /* DQFala.m */ = {isa = PBXFileReference; fileEncoding = 4; lastKnownFileType = sourcecode.c.objc; path = DQFala.m; sourceTree = "<group>"; };
		23CFE03919647B0A00FDC3C2 /* DQCena.h */ = {isa = PBXFileReference; fileEncoding = 4; lastKnownFileType = sourcecode.c.h; path = DQCena.h; sourceTree = "<group>"; };
		23CFE03A19647B0A00FDC3C2 /* DQCena.m */ = {isa = PBXFileReference; fileEncoding = 4; lastKnownFileType = sourcecode.c.objc; path = DQCena.m; sourceTree = "<group>"; };
		23CFE03C19647B1300FDC3C2 /* DQCutscene.h */ = {isa = PBXFileReference; fileEncoding = 4; lastKnownFileType = sourcecode.c.h; path = DQCutscene.h; sourceTree = "<group>"; };
		23CFE03D19647B1300FDC3C2 /* DQCutscene.m */ = {isa = PBXFileReference; fileEncoding = 4; lastKnownFileType = sourcecode.c.objc; path = DQCutscene.m; sourceTree = "<group>"; };
		23CFE04119647C4100FDC3C2 /* DQGestoPulo.h */ = {isa = PBXFileReference; fileEncoding = 4; lastKnownFileType = sourcecode.c.h; path = DQGestoPulo.h; sourceTree = "<group>"; };
		23CFE04219647C4100FDC3C2 /* DQGestoPulo.m */ = {isa = PBXFileReference; fileEncoding = 4; lastKnownFileType = sourcecode.c.objc; path = DQGestoPulo.m; sourceTree = "<group>"; };
		23CFE0451964880800FDC3C2 /* FalasDoJogo.plist */ = {isa = PBXFileReference; fileEncoding = 4; lastKnownFileType = text.plist.xml; path = FalasDoJogo.plist; sourceTree = "<group>"; };
		23CFE0461964880800FDC3C2 /* cutscene.plist */ = {isa = PBXFileReference; fileEncoding = 4; lastKnownFileType = text.plist.xml; path = cutscene.plist; sourceTree = "<group>"; };
		23CFE04919648B8700FDC3C2 /* parte1C.png */ = {isa = PBXFileReference; lastKnownFileType = image.png; path = parte1C.png; sourceTree = "<group>"; };
		23CFE04A19648B8700FDC3C2 /* parte10C.png */ = {isa = PBXFileReference; lastKnownFileType = image.png; path = parte10C.png; sourceTree = "<group>"; };
		23CFE04B19648B8700FDC3C2 /* parte11C.png */ = {isa = PBXFileReference; lastKnownFileType = image.png; path = parte11C.png; sourceTree = "<group>"; };
		23CFE04C19648B8700FDC3C2 /* parte12C.png */ = {isa = PBXFileReference; lastKnownFileType = image.png; path = parte12C.png; sourceTree = "<group>"; };
		23CFE04D19648B8700FDC3C2 /* parte13C.png */ = {isa = PBXFileReference; lastKnownFileType = image.png; path = parte13C.png; sourceTree = "<group>"; };
		23CFE04E19648B8700FDC3C2 /* parte14C.png */ = {isa = PBXFileReference; lastKnownFileType = image.png; path = parte14C.png; sourceTree = "<group>"; };
		23CFE04F19648B8700FDC3C2 /* parte2C.png */ = {isa = PBXFileReference; lastKnownFileType = image.png; path = parte2C.png; sourceTree = "<group>"; };
		23CFE05019648B8700FDC3C2 /* parte3C.png */ = {isa = PBXFileReference; lastKnownFileType = image.png; path = parte3C.png; sourceTree = "<group>"; };
		23CFE05119648B8700FDC3C2 /* parte4C.png */ = {isa = PBXFileReference; lastKnownFileType = image.png; path = parte4C.png; sourceTree = "<group>"; };
		23CFE05219648B8700FDC3C2 /* parte5C.png */ = {isa = PBXFileReference; lastKnownFileType = image.png; path = parte5C.png; sourceTree = "<group>"; };
		23CFE05319648B8700FDC3C2 /* parte6C.png */ = {isa = PBXFileReference; lastKnownFileType = image.png; path = parte6C.png; sourceTree = "<group>"; };
		23CFE05419648B8700FDC3C2 /* parte7C.png */ = {isa = PBXFileReference; lastKnownFileType = image.png; path = parte7C.png; sourceTree = "<group>"; };
		23CFE05519648B8700FDC3C2 /* parte8C.png */ = {isa = PBXFileReference; lastKnownFileType = image.png; path = parte8C.png; sourceTree = "<group>"; };
		23CFE05619648B8700FDC3C2 /* parte9C.png */ = {isa = PBXFileReference; lastKnownFileType = image.png; path = parte9C.png; sourceTree = "<group>"; };
		23CFE06819648BB700FDC3C2 /* parte1.png */ = {isa = PBXFileReference; lastKnownFileType = image.png; path = parte1.png; sourceTree = "<group>"; };
		23CFE06919648BB700FDC3C2 /* parte10.png */ = {isa = PBXFileReference; lastKnownFileType = image.png; path = parte10.png; sourceTree = "<group>"; };
		23CFE06A19648BB700FDC3C2 /* parte11.png */ = {isa = PBXFileReference; lastKnownFileType = image.png; path = parte11.png; sourceTree = "<group>"; };
		23CFE06B19648BB700FDC3C2 /* parte12.png */ = {isa = PBXFileReference; lastKnownFileType = image.png; path = parte12.png; sourceTree = "<group>"; };
		23CFE06C19648BB700FDC3C2 /* parte13.png */ = {isa = PBXFileReference; lastKnownFileType = image.png; path = parte13.png; sourceTree = "<group>"; };
		23CFE06D19648BB700FDC3C2 /* parte14.png */ = {isa = PBXFileReference; lastKnownFileType = image.png; path = parte14.png; sourceTree = "<group>"; };
		23CFE06E19648BB700FDC3C2 /* parte2.png */ = {isa = PBXFileReference; lastKnownFileType = image.png; path = parte2.png; sourceTree = "<group>"; };
		23CFE06F19648BB700FDC3C2 /* parte3.png */ = {isa = PBXFileReference; lastKnownFileType = image.png; path = parte3.png; sourceTree = "<group>"; };
		23CFE07019648BB700FDC3C2 /* parte4.png */ = {isa = PBXFileReference; lastKnownFileType = image.png; path = parte4.png; sourceTree = "<group>"; };
		23CFE07119648BB700FDC3C2 /* parte5.png */ = {isa = PBXFileReference; lastKnownFileType = image.png; path = parte5.png; sourceTree = "<group>"; };
		23CFE07219648BB700FDC3C2 /* parte6.png */ = {isa = PBXFileReference; lastKnownFileType = image.png; path = parte6.png; sourceTree = "<group>"; };
		23CFE07319648BB700FDC3C2 /* parte7.png */ = {isa = PBXFileReference; lastKnownFileType = image.png; path = parte7.png; sourceTree = "<group>"; };
		23CFE07419648BB700FDC3C2 /* parte8.png */ = {isa = PBXFileReference; lastKnownFileType = image.png; path = parte8.png; sourceTree = "<group>"; };
		23CFE07519648BB700FDC3C2 /* parte9.png */ = {isa = PBXFileReference; lastKnownFileType = image.png; path = parte9.png; sourceTree = "<group>"; };
		23CFE08819648C0700FDC3C2 /* Cutscene01.atlas */ = {isa = PBXFileReference; lastKnownFileType = folder.skatlas; path = Cutscene01.atlas; sourceTree = "<group>"; };
/* End PBXFileReference section */

/* Begin PBXFrameworksBuildPhase section */
		231D0BCE19642D69007747C8 /* Frameworks */ = {
			isa = PBXFrameworksBuildPhase;
			buildActionMask = 2147483647;
			files = (
				231D0BD719642D69007747C8 /* CoreGraphics.framework in Frameworks */,
				231D0BD919642D69007747C8 /* UIKit.framework in Frameworks */,
				231D0BDB19642D69007747C8 /* SpriteKit.framework in Frameworks */,
				231D0BD519642D69007747C8 /* Foundation.framework in Frameworks */,
			);
			runOnlyForDeploymentPostprocessing = 0;
		};
		231D0BF619642D69007747C8 /* Frameworks */ = {
			isa = PBXFrameworksBuildPhase;
			buildActionMask = 2147483647;
			files = (
				231D0BFB19642D69007747C8 /* XCTest.framework in Frameworks */,
				231D0BFD19642D69007747C8 /* UIKit.framework in Frameworks */,
				231D0BFC19642D69007747C8 /* Foundation.framework in Frameworks */,
			);
			runOnlyForDeploymentPostprocessing = 0;
		};
/* End PBXFrameworksBuildPhase section */

/* Begin PBXGroup section */
		231D0BC819642D69007747C8 = {
			isa = PBXGroup;
			children = (
				231D0BDC19642D69007747C8 /* Dr.Quimm2 */,
				231D0C0019642D69007747C8 /* Dr.Quimm2Tests */,
				231D0BD319642D69007747C8 /* Frameworks */,
				231D0BD219642D69007747C8 /* Products */,
			);
			sourceTree = "<group>";
		};
		231D0BD219642D69007747C8 /* Products */ = {
			isa = PBXGroup;
			children = (
				231D0BD119642D69007747C8 /* Dr.Quimm2.app */,
				231D0BF919642D69007747C8 /* Dr.Quimm2Tests.xctest */,
			);
			name = Products;
			sourceTree = "<group>";
		};
		231D0BD319642D69007747C8 /* Frameworks */ = {
			isa = PBXGroup;
			children = (
				231D0BD419642D69007747C8 /* Foundation.framework */,
				231D0BD619642D69007747C8 /* CoreGraphics.framework */,
				231D0BD819642D69007747C8 /* UIKit.framework */,
				231D0BDA19642D69007747C8 /* SpriteKit.framework */,
				231D0BFA19642D69007747C8 /* XCTest.framework */,
			);
			name = Frameworks;
			sourceTree = "<group>";
		};
		231D0BDC19642D69007747C8 /* Dr.Quimm2 */ = {
			isa = PBXGroup;
			children = (
				23CFE044196487EF00FDC3C2 /* Arquivos propertyList */,
				23CFE03219647AC000FDC3C2 /* Falas e Cutscenes */,
				23CFE03F19647C1700FDC3C2 /* Gestos */,
				231D0C1319642EBA007747C8 /* Classe Jogador */,
				231D0C1719642EF4007747C8 /* Classe Controle Corpo Físico */,
				23CFE02E1964786B00FDC3C2 /* Classe Introdução */,
				231D0BE519642D69007747C8 /* AppDelegate.h */,
				231D0BE619642D69007747C8 /* AppDelegate.m */,
				231D0BE819642D69007747C8 /* Main.storyboard */,
				231D0BEB19642D69007747C8 /* ViewController.h */,
				231D0BEC19642D69007747C8 /* ViewController.m */,
				231D0BEE19642D69007747C8 /* MyScene.h */,
				231D0BEF19642D69007747C8 /* MyScene.m */,
				231D0BF319642D69007747C8 /* Images.xcassets */,
				231D0BDD19642D69007747C8 /* Supporting Files */,
			);
			path = Dr.Quimm2;
			sourceTree = "<group>";
		};
		231D0BDD19642D69007747C8 /* Supporting Files */ = {
			isa = PBXGroup;
			children = (
				23CFE08819648C0700FDC3C2 /* Cutscene01.atlas */,
				23CFE08719648BE600FDC3C2 /* Fases */,
				23CFE02A1964455000FDC3C2 /* Personagens */,
				23CFE0241964398200FDC3C2 /* Andando.atlas */,
				23CFE0231964398200FDC3C2 /* Pulando.atlas */,
				23CFE0221964398200FDC3C2 /* Parado.atlas */,
				231D0BDE19642D69007747C8 /* Dr.Quimm2-Info.plist */,
				231D0BDF19642D69007747C8 /* InfoPlist.strings */,
				231D0BE219642D69007747C8 /* main.m */,
				231D0BE419642D69007747C8 /* Dr.Quimm2-Prefix.pch */,
			);
			name = "Supporting Files";
			sourceTree = "<group>";
		};
		231D0C0019642D69007747C8 /* Dr.Quimm2Tests */ = {
			isa = PBXGroup;
			children = (
				231D0C0619642D69007747C8 /* Dr_Quimm2Tests.m */,
				231D0C0119642D69007747C8 /* Supporting Files */,
			);
			path = Dr.Quimm2Tests;
			sourceTree = "<group>";
		};
		231D0C0119642D69007747C8 /* Supporting Files */ = {
			isa = PBXGroup;
			children = (
				231D0C0219642D69007747C8 /* Dr.Quimm2Tests-Info.plist */,
				231D0C0319642D69007747C8 /* InfoPlist.strings */,
			);
			name = "Supporting Files";
			sourceTree = "<group>";
		};
		231D0C1319642EBA007747C8 /* Classe Jogador */ = {
			isa = PBXGroup;
			children = (
				231D0C1019642EA8007747C8 /* DQJogador.h */,
				231D0C1119642EA8007747C8 /* DQJogador.m */,
			);
			name = "Classe Jogador";
			sourceTree = "<group>";
		};
		231D0C1719642EF4007747C8 /* Classe Controle Corpo Físico */ = {
			isa = PBXGroup;
			children = (
				23CFE02B1964749B00FDC3C2 /* DQControleCorpoFisico.h */,
				23CFE02C1964749B00FDC3C2 /* DQControleCorpoFisico.m */,
			);
			name = "Classe Controle Corpo Físico";
			sourceTree = "<group>";
		};
		23CFE02A1964455000FDC3C2 /* Personagens */ = {
			isa = PBXGroup;
			children = (
				23CFE0281964453800FDC3C2 /* pilotoComCientista.png */,
			);
			name = Personagens;
			sourceTree = "<group>";
		};
		23CFE02E1964786B00FDC3C2 /* Classe Introdução */ = {
			isa = PBXGroup;
			children = (
				23CFE02F1964789A00FDC3C2 /* DQIntroducao.h */,
				23CFE0301964789A00FDC3C2 /* DQIntroducao.m */,
			);
			name = "Classe Introdução";
			sourceTree = "<group>";
		};
		23CFE03219647AC000FDC3C2 /* Falas e Cutscenes */ = {
			isa = PBXGroup;
			children = (
				23CFE03319647AD800FDC3C2 /* Classe Fala */,
				23CFE03419647AE100FDC3C2 /* Classe Cena */,
				23CFE03519647AE700FDC3C2 /* Classe Cutscene */,
			);
			name = "Falas e Cutscenes";
			sourceTree = "<group>";
		};
		23CFE03319647AD800FDC3C2 /* Classe Fala */ = {
			isa = PBXGroup;
			children = (
				23CFE03619647B0200FDC3C2 /* DQFala.h */,
				23CFE03719647B0200FDC3C2 /* DQFala.m */,
			);
			name = "Classe Fala";
			sourceTree = "<group>";
		};
		23CFE03419647AE100FDC3C2 /* Classe Cena */ = {
			isa = PBXGroup;
			children = (
				23CFE03919647B0A00FDC3C2 /* DQCena.h */,
				23CFE03A19647B0A00FDC3C2 /* DQCena.m */,
			);
			name = "Classe Cena";
			sourceTree = "<group>";
		};
		23CFE03519647AE700FDC3C2 /* Classe Cutscene */ = {
			isa = PBXGroup;
			children = (
				23CFE03C19647B1300FDC3C2 /* DQCutscene.h */,
				23CFE03D19647B1300FDC3C2 /* DQCutscene.m */,
			);
			name = "Classe Cutscene";
			sourceTree = "<group>";
		};
		23CFE03F19647C1700FDC3C2 /* Gestos */ = {
			isa = PBXGroup;
			children = (
				23CFE04019647C2700FDC3C2 /* Classe GestoPulo */,
			);
			name = Gestos;
			sourceTree = "<group>";
		};
		23CFE04019647C2700FDC3C2 /* Classe GestoPulo */ = {
			isa = PBXGroup;
			children = (
				23CFE04119647C4100FDC3C2 /* DQGestoPulo.h */,
				23CFE04219647C4100FDC3C2 /* DQGestoPulo.m */,
			);
			name = "Classe GestoPulo";
			sourceTree = "<group>";
		};
		23CFE044196487EF00FDC3C2 /* Arquivos propertyList */ = {
			isa = PBXGroup;
			children = (
				23CFE0451964880800FDC3C2 /* FalasDoJogo.plist */,
				23CFE0461964880800FDC3C2 /* cutscene.plist */,
			);
			name = "Arquivos propertyList";
			sourceTree = "<group>";
		};
		23CFE06619648B9400FDC3C2 /* Mapa de Colisão */ = {
			isa = PBXGroup;
			children = (
				23CFE04919648B8700FDC3C2 /* parte1C.png */,
				23CFE04A19648B8700FDC3C2 /* parte10C.png */,
				23CFE04B19648B8700FDC3C2 /* parte11C.png */,
				23CFE04C19648B8700FDC3C2 /* parte12C.png */,
				23CFE04D19648B8700FDC3C2 /* parte13C.png */,
				23CFE04E19648B8700FDC3C2 /* parte14C.png */,
				23CFE04F19648B8700FDC3C2 /* parte2C.png */,
				23CFE05019648B8700FDC3C2 /* parte3C.png */,
				23CFE05119648B8700FDC3C2 /* parte4C.png */,
				23CFE05219648B8700FDC3C2 /* parte5C.png */,
				23CFE05319648B8700FDC3C2 /* parte6C.png */,
				23CFE05419648B8700FDC3C2 /* parte7C.png */,
				23CFE05519648B8700FDC3C2 /* parte8C.png */,
				23CFE05619648B8700FDC3C2 /* parte9C.png */,
			);
			name = "Mapa de Colisão";
			sourceTree = "<group>";
		};
		23CFE06719648BA300FDC3C2 /* Mapa de Fundo */ = {
			isa = PBXGroup;
			children = (
				23CFE06819648BB700FDC3C2 /* parte1.png */,
				23CFE06919648BB700FDC3C2 /* parte10.png */,
				23CFE06A19648BB700FDC3C2 /* parte11.png */,
				23CFE06B19648BB700FDC3C2 /* parte12.png */,
				23CFE06C19648BB700FDC3C2 /* parte13.png */,
				23CFE06D19648BB700FDC3C2 /* parte14.png */,
				23CFE06E19648BB700FDC3C2 /* parte2.png */,
				23CFE06F19648BB700FDC3C2 /* parte3.png */,
				23CFE07019648BB700FDC3C2 /* parte4.png */,
				23CFE07119648BB700FDC3C2 /* parte5.png */,
				23CFE07219648BB700FDC3C2 /* parte6.png */,
				23CFE07319648BB700FDC3C2 /* parte7.png */,
				23CFE07419648BB700FDC3C2 /* parte8.png */,
				23CFE07519648BB700FDC3C2 /* parte9.png */,
			);
			name = "Mapa de Fundo";
			sourceTree = "<group>";
		};
		23CFE08619648BD700FDC3C2 /* 01 - Introdução */ = {
			isa = PBXGroup;
			children = (
				23CFE06719648BA300FDC3C2 /* Mapa de Fundo */,
				23CFE06619648B9400FDC3C2 /* Mapa de Colisão */,
			);
			name = "01 - Introdução";
			sourceTree = "<group>";
		};
		23CFE08719648BE600FDC3C2 /* Fases */ = {
			isa = PBXGroup;
			children = (
				23CFE08619648BD700FDC3C2 /* 01 - Introdução */,
			);
			name = Fases;
			sourceTree = "<group>";
		};
/* End PBXGroup section */

/* Begin PBXNativeTarget section */
		231D0BD019642D69007747C8 /* Dr.Quimm2 */ = {
			isa = PBXNativeTarget;
			buildConfigurationList = 231D0C0A19642D69007747C8 /* Build configuration list for PBXNativeTarget "Dr.Quimm2" */;
			buildPhases = (
				231D0BCD19642D69007747C8 /* Sources */,
				231D0BCE19642D69007747C8 /* Frameworks */,
				231D0BCF19642D69007747C8 /* Resources */,
			);
			buildRules = (
			);
			dependencies = (
			);
			name = Dr.Quimm2;
			productName = Dr.Quimm2;
			productReference = 231D0BD119642D69007747C8 /* Dr.Quimm2.app */;
			productType = "com.apple.product-type.application";
		};
		231D0BF819642D69007747C8 /* Dr.Quimm2Tests */ = {
			isa = PBXNativeTarget;
			buildConfigurationList = 231D0C0D19642D69007747C8 /* Build configuration list for PBXNativeTarget "Dr.Quimm2Tests" */;
			buildPhases = (
				231D0BF519642D69007747C8 /* Sources */,
				231D0BF619642D69007747C8 /* Frameworks */,
				231D0BF719642D69007747C8 /* Resources */,
			);
			buildRules = (
			);
			dependencies = (
				231D0BFF19642D69007747C8 /* PBXTargetDependency */,
			);
			name = Dr.Quimm2Tests;
			productName = Dr.Quimm2Tests;
			productReference = 231D0BF919642D69007747C8 /* Dr.Quimm2Tests.xctest */;
			productType = "com.apple.product-type.bundle.unit-test";
		};
/* End PBXNativeTarget section */

/* Begin PBXProject section */
		231D0BC919642D69007747C8 /* Project object */ = {
			isa = PBXProject;
			attributes = {
				LastUpgradeCheck = 0510;
				ORGANIZATIONNAME = "Júlia Yamamoto";
				TargetAttributes = {
					231D0BF819642D69007747C8 = {
						TestTargetID = 231D0BD019642D69007747C8;
					};
				};
			};
			buildConfigurationList = 231D0BCC19642D69007747C8 /* Build configuration list for PBXProject "Dr.Quimm2" */;
			compatibilityVersion = "Xcode 3.2";
			developmentRegion = English;
			hasScannedForEncodings = 0;
			knownRegions = (
				en,
				Base,
			);
			mainGroup = 231D0BC819642D69007747C8;
			productRefGroup = 231D0BD219642D69007747C8 /* Products */;
			projectDirPath = "";
			projectRoot = "";
			targets = (
				231D0BD019642D69007747C8 /* Dr.Quimm2 */,
				231D0BF819642D69007747C8 /* Dr.Quimm2Tests */,
			);
		};
/* End PBXProject section */

/* Begin PBXResourcesBuildPhase section */
		231D0BCF19642D69007747C8 /* Resources */ = {
			isa = PBXResourcesBuildPhase;
			buildActionMask = 2147483647;
			files = (
				23CFE07819648BB700FDC3C2 /* parte11.png in Resources */,
				23CFE05919648B8700FDC3C2 /* parte11C.png in Resources */,
				23CFE07A19648BB700FDC3C2 /* parte13.png in Resources */,
				23CFE0481964880800FDC3C2 /* cutscene.plist in Resources */,
				23CFE0291964453800FDC3C2 /* pilotoComCientista.png in Resources */,
				23CFE07C19648BB700FDC3C2 /* parte2.png in Resources */,
				23CFE06019648B8700FDC3C2 /* parte5C.png in Resources */,
				23CFE05A19648B8700FDC3C2 /* parte12C.png in Resources */,
				23CFE06419648B8700FDC3C2 /* parte9C.png in Resources */,
				231D0BE119642D69007747C8 /* InfoPlist.strings in Resources */,
				231D0BF419642D69007747C8 /* Images.xcassets in Resources */,
				23CFE05C19648B8700FDC3C2 /* parte14C.png in Resources */,
				23CFE0251964398200FDC3C2 /* Parado.atlas in Resources */,
				23CFE07E19648BB700FDC3C2 /* parte4.png in Resources */,
				23CFE07719648BB700FDC3C2 /* parte10.png in Resources */,
				23CFE08119648BB700FDC3C2 /* parte7.png in Resources */,
				23CFE07B19648BB700FDC3C2 /* parte14.png in Resources */,
				23CFE06319648B8700FDC3C2 /* parte8C.png in Resources */,
				23CFE08019648BB700FDC3C2 /* parte6.png in Resources */,
				23CFE0471964880800FDC3C2 /* FalasDoJogo.plist in Resources */,
				23CFE05B19648B8700FDC3C2 /* parte13C.png in Resources */,
				23CFE06119648B8700FDC3C2 /* parte6C.png in Resources */,
				23CFE08319648BB700FDC3C2 /* parte9.png in Resources */,
				23CFE05E19648B8700FDC3C2 /* parte3C.png in Resources */,
				23CFE05719648B8700FDC3C2 /* parte1C.png in Resources */,
				23CFE06219648B8700FDC3C2 /* parte7C.png in Resources */,
				23CFE0271964398200FDC3C2 /* Andando.atlas in Resources */,
				23CFE07619648BB700FDC3C2 /* parte1.png in Resources */,
				23CFE0261964398200FDC3C2 /* Pulando.atlas in Resources */,
				23CFE07D19648BB700FDC3C2 /* parte3.png in Resources */,
				23CFE08919648C0700FDC3C2 /* Cutscene01.atlas in Resources */,
				23CFE08219648BB700FDC3C2 /* parte8.png in Resources */,
				23CFE05819648B8700FDC3C2 /* parte10C.png in Resources */,
				23CFE07919648BB700FDC3C2 /* parte12.png in Resources */,
				231D0BEA19642D69007747C8 /* Main.storyboard in Resources */,
				23CFE05D19648B8700FDC3C2 /* parte2C.png in Resources */,
				23CFE05F19648B8700FDC3C2 /* parte4C.png in Resources */,
				23CFE07F19648BB700FDC3C2 /* parte5.png in Resources */,
			);
			runOnlyForDeploymentPostprocessing = 0;
		};
		231D0BF719642D69007747C8 /* Resources */ = {
			isa = PBXResourcesBuildPhase;
			buildActionMask = 2147483647;
			files = (
				231D0C0519642D69007747C8 /* InfoPlist.strings in Resources */,
			);
			runOnlyForDeploymentPostprocessing = 0;
		};
/* End PBXResourcesBuildPhase section */

/* Begin PBXSourcesBuildPhase section */
		231D0BCD19642D69007747C8 /* Sources */ = {
			isa = PBXSourcesBuildPhase;
			buildActionMask = 2147483647;
			files = (
				231D0C1219642EA8007747C8 /* DQJogador.m in Sources */,
				23CFE0311964789A00FDC3C2 /* DQIntroducao.m in Sources */,
				23CFE02D1964749B00FDC3C2 /* DQControleCorpoFisico.m in Sources */,
				231D0BF019642D69007747C8 /* MyScene.m in Sources */,
				23CFE03819647B0200FDC3C2 /* DQFala.m in Sources */,
				231D0BED19642D69007747C8 /* ViewController.m in Sources */,
				23CFE04319647C4100FDC3C2 /* DQGestoPulo.m in Sources */,
				23CFE03B19647B0A00FDC3C2 /* DQCena.m in Sources */,
				231D0BE719642D69007747C8 /* AppDelegate.m in Sources */,
				23CFE03E19647B1300FDC3C2 /* DQCutscene.m in Sources */,
				231D0BE319642D69007747C8 /* main.m in Sources */,
			);
			runOnlyForDeploymentPostprocessing = 0;
		};
		231D0BF519642D69007747C8 /* Sources */ = {
			isa = PBXSourcesBuildPhase;
			buildActionMask = 2147483647;
			files = (
				231D0C0719642D69007747C8 /* Dr_Quimm2Tests.m in Sources */,
			);
			runOnlyForDeploymentPostprocessing = 0;
		};
/* End PBXSourcesBuildPhase section */

/* Begin PBXTargetDependency section */
		231D0BFF19642D69007747C8 /* PBXTargetDependency */ = {
			isa = PBXTargetDependency;
			target = 231D0BD019642D69007747C8 /* Dr.Quimm2 */;
			targetProxy = 231D0BFE19642D69007747C8 /* PBXContainerItemProxy */;
		};
/* End PBXTargetDependency section */

/* Begin PBXVariantGroup section */
		231D0BDF19642D69007747C8 /* InfoPlist.strings */ = {
			isa = PBXVariantGroup;
			children = (
				231D0BE019642D69007747C8 /* en */,
			);
			name = InfoPlist.strings;
			sourceTree = "<group>";
		};
		231D0BE819642D69007747C8 /* Main.storyboard */ = {
			isa = PBXVariantGroup;
			children = (
				231D0BE919642D69007747C8 /* Base */,
			);
			name = Main.storyboard;
			sourceTree = "<group>";
		};
		231D0C0319642D69007747C8 /* InfoPlist.strings */ = {
			isa = PBXVariantGroup;
			children = (
				231D0C0419642D69007747C8 /* en */,
			);
			name = InfoPlist.strings;
			sourceTree = "<group>";
		};
/* End PBXVariantGroup section */

/* Begin XCBuildConfiguration section */
		231D0C0819642D69007747C8 /* Debug */ = {
			isa = XCBuildConfiguration;
			buildSettings = {
				ALWAYS_SEARCH_USER_PATHS = NO;
				CLANG_CXX_LANGUAGE_STANDARD = "gnu++0x";
				CLANG_CXX_LIBRARY = "libc++";
				CLANG_ENABLE_MODULES = YES;
				CLANG_ENABLE_OBJC_ARC = YES;
				CLANG_WARN_BOOL_CONVERSION = YES;
				CLANG_WARN_CONSTANT_CONVERSION = YES;
				CLANG_WARN_DIRECT_OBJC_ISA_USAGE = YES_ERROR;
				CLANG_WARN_EMPTY_BODY = YES;
				CLANG_WARN_ENUM_CONVERSION = YES;
				CLANG_WARN_INT_CONVERSION = YES;
				CLANG_WARN_OBJC_ROOT_CLASS = YES_ERROR;
				CLANG_WARN__DUPLICATE_METHOD_MATCH = YES;
				"CODE_SIGN_IDENTITY[sdk=iphoneos*]" = "iPhone Developer";
				COPY_PHASE_STRIP = NO;
				GCC_C_LANGUAGE_STANDARD = gnu99;
				GCC_DYNAMIC_NO_PIC = NO;
				GCC_OPTIMIZATION_LEVEL = 0;
				GCC_PREPROCESSOR_DEFINITIONS = (
					"DEBUG=1",
					"$(inherited)",
				);
				GCC_SYMBOLS_PRIVATE_EXTERN = NO;
				GCC_WARN_64_TO_32_BIT_CONVERSION = YES;
				GCC_WARN_ABOUT_RETURN_TYPE = YES_ERROR;
				GCC_WARN_UNDECLARED_SELECTOR = YES;
				GCC_WARN_UNINITIALIZED_AUTOS = YES_AGGRESSIVE;
				GCC_WARN_UNUSED_FUNCTION = YES;
				GCC_WARN_UNUSED_VARIABLE = YES;
				IPHONEOS_DEPLOYMENT_TARGET = 7.1;
				ONLY_ACTIVE_ARCH = YES;
				SDKROOT = iphoneos;
				TARGETED_DEVICE_FAMILY = 2;
			};
			name = Debug;
		};
		231D0C0919642D69007747C8 /* Release */ = {
			isa = XCBuildConfiguration;
			buildSettings = {
				ALWAYS_SEARCH_USER_PATHS = NO;
				CLANG_CXX_LANGUAGE_STANDARD = "gnu++0x";
				CLANG_CXX_LIBRARY = "libc++";
				CLANG_ENABLE_MODULES = YES;
				CLANG_ENABLE_OBJC_ARC = YES;
				CLANG_WARN_BOOL_CONVERSION = YES;
				CLANG_WARN_CONSTANT_CONVERSION = YES;
				CLANG_WARN_DIRECT_OBJC_ISA_USAGE = YES_ERROR;
				CLANG_WARN_EMPTY_BODY = YES;
				CLANG_WARN_ENUM_CONVERSION = YES;
				CLANG_WARN_INT_CONVERSION = YES;
				CLANG_WARN_OBJC_ROOT_CLASS = YES_ERROR;
				CLANG_WARN__DUPLICATE_METHOD_MATCH = YES;
				"CODE_SIGN_IDENTITY[sdk=iphoneos*]" = "iPhone Developer";
				COPY_PHASE_STRIP = YES;
				ENABLE_NS_ASSERTIONS = NO;
				GCC_C_LANGUAGE_STANDARD = gnu99;
				GCC_WARN_64_TO_32_BIT_CONVERSION = YES;
				GCC_WARN_ABOUT_RETURN_TYPE = YES_ERROR;
				GCC_WARN_UNDECLARED_SELECTOR = YES;
				GCC_WARN_UNINITIALIZED_AUTOS = YES_AGGRESSIVE;
				GCC_WARN_UNUSED_FUNCTION = YES;
				GCC_WARN_UNUSED_VARIABLE = YES;
				IPHONEOS_DEPLOYMENT_TARGET = 7.1;
				SDKROOT = iphoneos;
				TARGETED_DEVICE_FAMILY = 2;
				VALIDATE_PRODUCT = YES;
			};
			name = Release;
		};
		231D0C0B19642D69007747C8 /* Debug */ = {
			isa = XCBuildConfiguration;
			buildSettings = {
				ASSETCATALOG_COMPILER_APPICON_NAME = AppIcon;
				ASSETCATALOG_COMPILER_LAUNCHIMAGE_NAME = LaunchImage;
				GCC_PRECOMPILE_PREFIX_HEADER = YES;
				GCC_PREFIX_HEADER = "Dr.Quimm2/Dr.Quimm2-Prefix.pch";
				INFOPLIST_FILE = "Dr.Quimm2/Dr.Quimm2-Info.plist";
				PRODUCT_NAME = "$(TARGET_NAME)";
				SPRITEKIT_TEXTURE_ATLAS_OUTPUT = YES;
				TARGETED_DEVICE_FAMILY = 2;
				WRAPPER_EXTENSION = app;
			};
			name = Debug;
		};
		231D0C0C19642D69007747C8 /* Release */ = {
			isa = XCBuildConfiguration;
			buildSettings = {
				ASSETCATALOG_COMPILER_APPICON_NAME = AppIcon;
				ASSETCATALOG_COMPILER_LAUNCHIMAGE_NAME = LaunchImage;
				GCC_PRECOMPILE_PREFIX_HEADER = YES;
				GCC_PREFIX_HEADER = "Dr.Quimm2/Dr.Quimm2-Prefix.pch";
				INFOPLIST_FILE = "Dr.Quimm2/Dr.Quimm2-Info.plist";
				PRODUCT_NAME = "$(TARGET_NAME)";
				SPRITEKIT_TEXTURE_ATLAS_OUTPUT = YES;
				TARGETED_DEVICE_FAMILY = 2;
				WRAPPER_EXTENSION = app;
			};
			name = Release;
		};
		231D0C0E19642D69007747C8 /* Debug */ = {
			isa = XCBuildConfiguration;
			buildSettings = {
				BUNDLE_LOADER = "$(BUILT_PRODUCTS_DIR)/Dr.Quimm2.app/Dr.Quimm2";
				FRAMEWORK_SEARCH_PATHS = (
					"$(SDKROOT)/Developer/Library/Frameworks",
					"$(inherited)",
					"$(DEVELOPER_FRAMEWORKS_DIR)",
				);
				GCC_PRECOMPILE_PREFIX_HEADER = YES;
				GCC_PREFIX_HEADER = "Dr.Quimm2/Dr.Quimm2-Prefix.pch";
				GCC_PREPROCESSOR_DEFINITIONS = (
					"DEBUG=1",
					"$(inherited)",
				);
				INFOPLIST_FILE = "Dr.Quimm2Tests/Dr.Quimm2Tests-Info.plist";
				PRODUCT_NAME = "$(TARGET_NAME)";
				TEST_HOST = "$(BUNDLE_LOADER)";
				WRAPPER_EXTENSION = xctest;
			};
			name = Debug;
		};
		231D0C0F19642D69007747C8 /* Release */ = {
			isa = XCBuildConfiguration;
			buildSettings = {
				BUNDLE_LOADER = "$(BUILT_PRODUCTS_DIR)/Dr.Quimm2.app/Dr.Quimm2";
				FRAMEWORK_SEARCH_PATHS = (
					"$(SDKROOT)/Developer/Library/Frameworks",
					"$(inherited)",
					"$(DEVELOPER_FRAMEWORKS_DIR)",
				);
				GCC_PRECOMPILE_PREFIX_HEADER = YES;
				GCC_PREFIX_HEADER = "Dr.Quimm2/Dr.Quimm2-Prefix.pch";
				INFOPLIST_FILE = "Dr.Quimm2Tests/Dr.Quimm2Tests-Info.plist";
				PRODUCT_NAME = "$(TARGET_NAME)";
				TEST_HOST = "$(BUNDLE_LOADER)";
				WRAPPER_EXTENSION = xctest;
			};
			name = Release;
		};
/* End XCBuildConfiguration section */

/* Begin XCConfigurationList section */
		231D0BCC19642D69007747C8 /* Build configuration list for PBXProject "Dr.Quimm2" */ = {
			isa = XCConfigurationList;
			buildConfigurations = (
				231D0C0819642D69007747C8 /* Debug */,
				231D0C0919642D69007747C8 /* Release */,
			);
			defaultConfigurationIsVisible = 0;
			defaultConfigurationName = Release;
		};
		231D0C0A19642D69007747C8 /* Build configuration list for PBXNativeTarget "Dr.Quimm2" */ = {
			isa = XCConfigurationList;
			buildConfigurations = (
				231D0C0B19642D69007747C8 /* Debug */,
				231D0C0C19642D69007747C8 /* Release */,
			);
			defaultConfigurationIsVisible = 0;
			defaultConfigurationName = Release;
		};
		231D0C0D19642D69007747C8 /* Build configuration list for PBXNativeTarget "Dr.Quimm2Tests" */ = {
			isa = XCConfigurationList;
			buildConfigurations = (
				231D0C0E19642D69007747C8 /* Debug */,
				231D0C0F19642D69007747C8 /* Release */,
			);
			defaultConfigurationIsVisible = 0;
			defaultConfigurationName = Release;
		};
/* End XCConfigurationList section */
	};
	rootObject = 231D0BC919642D69007747C8 /* Project object */;
}
