// !$*UTF8*$!
{
	archiveVersion = 1;
	classes = {
	};
	objectVersion = 46;
	objects = {

/* Begin PBXBuildFile section */
		23622C0A1975F4CB00D83532 /* tutorialCorrerDireita.atlas in Resources */ = {isa = PBXBuildFile; fileRef = 23622C081975F4CB00D83532 /* tutorialCorrerDireita.atlas */; };
		23622C0B1975F4CB00D83532 /* tutorialCorrerEsquerda.atlas in Resources */ = {isa = PBXBuildFile; fileRef = 23622C091975F4CB00D83532 /* tutorialCorrerEsquerda.atlas */; };
		23A538E9196C6E9E00821BAF /* DQnpc.m in Sources */ = {isa = PBXBuildFile; fileRef = 23A538E8196C6E9E00821BAF /* DQnpc.m */; };
		23A6DE9B19477F1500982F9D /* DQCena.m in Sources */ = {isa = PBXBuildFile; fileRef = 23A6DE9A19477F1500982F9D /* DQCena.m */; };
		23BFA4AA196A3CC700AD5F0C /* icon.png in Resources */ = {isa = PBXBuildFile; fileRef = 23BFA4A9196A3CC700AD5F0C /* icon.png */; };
		23BFADBD1966E4FB00691C04 /* setinhas.png in Resources */ = {isa = PBXBuildFile; fileRef = 23BFADBC1966E4FB00691C04 /* setinhas.png */; };
		3C26D9071974B499002FEC9A /* cutscene1.atlas in Resources */ = {isa = PBXBuildFile; fileRef = 3C26D9061974B499002FEC9A /* cutscene1.atlas */; };
		3C26D9091974B4A2002FEC9A /* cutscene2.atlas in Resources */ = {isa = PBXBuildFile; fileRef = 3C26D9081974B4A2002FEC9A /* cutscene2.atlas */; };
		3CA4549B1969C70C00FB62D5 /* beep.mp3 in Resources */ = {isa = PBXBuildFile; fileRef = 3CA4549A1969C70C00FB62D5 /* beep.mp3 */; };
		3CABE62E1977533F0064199A /* DQCoberturaBackground.m in Sources */ = {isa = PBXBuildFile; fileRef = 3CABE62D1977533F0064199A /* DQCoberturaBackground.m */; };
		3CAC84261979F63D000FB1A1 /* AndandoDr.atlas in Resources */ = {isa = PBXBuildFile; fileRef = 3CAC84211979F63D000FB1A1 /* AndandoDr.atlas */; };
		3CAC84271979F63D000FB1A1 /* Caindo.atlas in Resources */ = {isa = PBXBuildFile; fileRef = 3CAC84221979F63D000FB1A1 /* Caindo.atlas */; };
		3CAC84281979F63D000FB1A1 /* Escalando.atlas in Resources */ = {isa = PBXBuildFile; fileRef = 3CAC84231979F63D000FB1A1 /* Escalando.atlas */; };
		3CAC84291979F63D000FB1A1 /* ParadoDr.atlas in Resources */ = {isa = PBXBuildFile; fileRef = 3CAC84241979F63D000FB1A1 /* ParadoDr.atlas */; };
		3CAC842A1979F63D000FB1A1 /* PulandoDr.atlas in Resources */ = {isa = PBXBuildFile; fileRef = 3CAC84251979F63D000FB1A1 /* PulandoDr.atlas */; };
		3CAC84301979FAD5000FB1A1 /* Derrapando.atlas in Resources */ = {isa = PBXBuildFile; fileRef = 3CAC842C1979FAD5000FB1A1 /* Derrapando.atlas */; };
		3CAC84311979FAD5000FB1A1 /* Parado.atlas in Resources */ = {isa = PBXBuildFile; fileRef = 3CAC842D1979FAD5000FB1A1 /* Parado.atlas */; };
		3CAC8435197A01FB000FB1A1 /* Andando.atlas in Resources */ = {isa = PBXBuildFile; fileRef = 3CAC8433197A01FB000FB1A1 /* Andando.atlas */; };
		3CAC8436197A01FB000FB1A1 /* Pulando.atlas in Resources */ = {isa = PBXBuildFile; fileRef = 3CAC8434197A01FB000FB1A1 /* Pulando.atlas */; };
		752FB1D21935146300DB4328 /* DQFlorestaParte1.m in Sources */ = {isa = PBXBuildFile; fileRef = 752FB1D11935146300DB4328 /* DQFlorestaParte1.m */; };
		753554621992C8F3006B62FA /* CaindoDr.atlas in Resources */ = {isa = PBXBuildFile; fileRef = 753554601992C8F3006B62FA /* CaindoDr.atlas */; };
		753554631992C8F3006B62FA /* DerrapandoDr.atlas in Resources */ = {isa = PBXBuildFile; fileRef = 753554611992C8F3006B62FA /* DerrapandoDr.atlas */; };
		755876ED199AB24B0084E5AC /* DQCutsceneControle.m in Sources */ = {isa = PBXBuildFile; fileRef = 755876EC199AB24B0084E5AC /* DQCutsceneControle.m */; };
		755876F0199AB2790084E5AC /* DQFala.m in Sources */ = {isa = PBXBuildFile; fileRef = 755876EF199AB2790084E5AC /* DQFala.m */; };
		755876F3199AB4350084E5AC /* DQCutsceneTela.m in Sources */ = {isa = PBXBuildFile; fileRef = 755876F2199AB4350084E5AC /* DQCutsceneTela.m */; };
		755876F6199AB4590084E5AC /* DQFalasNoJogoControle.m in Sources */ = {isa = PBXBuildFile; fileRef = 755876F5199AB4590084E5AC /* DQFalasNoJogoControle.m */; };
		755876F9199AB4690084E5AC /* DQMissaoControle.m in Sources */ = {isa = PBXBuildFile; fileRef = 755876F8199AB4690084E5AC /* DQMissaoControle.m */; };
		755876FC199AB4890084E5AC /* DQMissao.m in Sources */ = {isa = PBXBuildFile; fileRef = 755876FB199AB4890084E5AC /* DQMissao.m */; };
		94080E9F1933BA290024FB94 /* Foundation.framework in Frameworks */ = {isa = PBXBuildFile; fileRef = 94080E9E1933BA290024FB94 /* Foundation.framework */; };
		94080EA11933BA290024FB94 /* CoreGraphics.framework in Frameworks */ = {isa = PBXBuildFile; fileRef = 94080EA01933BA290024FB94 /* CoreGraphics.framework */; };
		94080EA31933BA290024FB94 /* UIKit.framework in Frameworks */ = {isa = PBXBuildFile; fileRef = 94080EA21933BA290024FB94 /* UIKit.framework */; };
		94080EA51933BA290024FB94 /* SpriteKit.framework in Frameworks */ = {isa = PBXBuildFile; fileRef = 94080EA41933BA290024FB94 /* SpriteKit.framework */; };
		94080EAB1933BA290024FB94 /* InfoPlist.strings in Resources */ = {isa = PBXBuildFile; fileRef = 94080EA91933BA290024FB94 /* InfoPlist.strings */; };
		94080EAD1933BA290024FB94 /* main.m in Sources */ = {isa = PBXBuildFile; fileRef = 94080EAC1933BA290024FB94 /* main.m */; };
		94080EB11933BA290024FB94 /* DQAppDelegate.m in Sources */ = {isa = PBXBuildFile; fileRef = 94080EB01933BA290024FB94 /* DQAppDelegate.m */; };
		94080EB41933BA290024FB94 /* Main.storyboard in Resources */ = {isa = PBXBuildFile; fileRef = 94080EB21933BA290024FB94 /* Main.storyboard */; };
		94080EB71933BA290024FB94 /* DQViewController.m in Sources */ = {isa = PBXBuildFile; fileRef = 94080EB61933BA290024FB94 /* DQViewController.m */; };
		94080EBE1933BA290024FB94 /* Images.xcassets in Resources */ = {isa = PBXBuildFile; fileRef = 94080EBD1933BA290024FB94 /* Images.xcassets */; };
		94080EC51933BA290024FB94 /* XCTest.framework in Frameworks */ = {isa = PBXBuildFile; fileRef = 94080EC41933BA290024FB94 /* XCTest.framework */; };
		94080EC61933BA2A0024FB94 /* Foundation.framework in Frameworks */ = {isa = PBXBuildFile; fileRef = 94080E9E1933BA290024FB94 /* Foundation.framework */; };
		94080EC71933BA2A0024FB94 /* UIKit.framework in Frameworks */ = {isa = PBXBuildFile; fileRef = 94080EA21933BA290024FB94 /* UIKit.framework */; };
		94080ECF1933BA2A0024FB94 /* InfoPlist.strings in Resources */ = {isa = PBXBuildFile; fileRef = 94080ECD1933BA2A0024FB94 /* InfoPlist.strings */; };
		94080ED11933BA2A0024FB94 /* DrQuimTests.m in Sources */ = {isa = PBXBuildFile; fileRef = 94080ED01933BA2A0024FB94 /* DrQuimTests.m */; };
		947A33DB1959EED1003EC57D /* DQControleCorpoFisico.m in Sources */ = {isa = PBXBuildFile; fileRef = 947A33DA1959EED1003EC57D /* DQControleCorpoFisico.m */; };
		9488196019901A4600609A0F /* DQItensJogador.m in Sources */ = {isa = PBXBuildFile; fileRef = 9488195F19901A4600609A0F /* DQItensJogador.m */; };
		9488196919901A6D00609A0F /* ConfigFase.plist in Resources */ = {isa = PBXBuildFile; fileRef = 9488196119901A6D00609A0F /* ConfigFase.plist */; };
		9488196A19901A6D00609A0F /* ConfigMenu.plist in Resources */ = {isa = PBXBuildFile; fileRef = 9488196219901A6D00609A0F /* ConfigMenu.plist */; };
		9488196B19901A6D00609A0F /* FalasNoJogo.plist in Resources */ = {isa = PBXBuildFile; fileRef = 9488196319901A6D00609A0F /* FalasNoJogo.plist */; };
		9488196C19901A6D00609A0F /* ItensJogador.plist in Resources */ = {isa = PBXBuildFile; fileRef = 9488196419901A6D00609A0F /* ItensJogador.plist */; };
		9488196D19901A6D00609A0F /* ItensReferencia.plist in Resources */ = {isa = PBXBuildFile; fileRef = 9488196519901A6D00609A0F /* ItensReferencia.plist */; };
		9488196E19901A6D00609A0F /* MissoesJogador.plist in Resources */ = {isa = PBXBuildFile; fileRef = 9488196619901A6D00609A0F /* MissoesJogador.plist */; };
		9488197019901A6D00609A0F /* Receitas.plist in Resources */ = {isa = PBXBuildFile; fileRef = 9488196819901A6D00609A0F /* Receitas.plist */; };
		9488197319901AE200609A0F /* rostoCientista.png in Resources */ = {isa = PBXBuildFile; fileRef = 9488197119901AE200609A0F /* rostoCientista.png */; };
		9488197419901AE200609A0F /* rostoPiloto.png in Resources */ = {isa = PBXBuildFile; fileRef = 9488197219901AE200609A0F /* rostoPiloto.png */; };
		948819761990218400609A0F /* FalasCutScene.plist in Resources */ = {isa = PBXBuildFile; fileRef = 948819751990218400609A0F /* FalasCutScene.plist */; };
		C511258E1973AB4E00CECCAD /* DQBarraStatus.m in Sources */ = {isa = PBXBuildFile; fileRef = C51125891973AB4E00CECCAD /* DQBarraStatus.m */; };
		C511258F1973AB4E00CECCAD /* DQHudController.m in Sources */ = {isa = PBXBuildFile; fileRef = C511258B1973AB4E00CECCAD /* DQHudController.m */; };
		C51125921973AB6000CECCAD /* FundoHUD.png in Resources */ = {isa = PBXBuildFile; fileRef = C51125911973AB6000CECCAD /* FundoHUD.png */; };
		C51125941973B00B00CECCAD /* NPCS.atlas in Resources */ = {isa = PBXBuildFile; fileRef = C51125931973B00B00CECCAD /* NPCS.atlas */; };
		C54031B91989FDB1003384AB /* rostoCacador.png in Resources */ = {isa = PBXBuildFile; fileRef = C54031B21989FDB1003384AB /* rostoCacador.png */; };
		C54031BA1989FDB1003384AB /* rostoChefeRanzinza.png in Resources */ = {isa = PBXBuildFile; fileRef = C54031B31989FDB1003384AB /* rostoChefeRanzinza.png */; };
		C54031BB1989FDB1003384AB /* rostoChefeSimpatico.png in Resources */ = {isa = PBXBuildFile; fileRef = C54031B41989FDB1003384AB /* rostoChefeSimpatico.png */; };
		C54031BD1989FDB1003384AB /* rostoCurandeiro.png in Resources */ = {isa = PBXBuildFile; fileRef = C54031B61989FDB1003384AB /* rostoCurandeiro.png */; };
		C54031BE1989FDB1003384AB /* rostoMaedetodos.png in Resources */ = {isa = PBXBuildFile; fileRef = C54031B71989FDB1003384AB /* rostoMaedetodos.png */; };
		C54031E11989FE98003384AB /* DQConfigMenu.m in Sources */ = {isa = PBXBuildFile; fileRef = C54031CB1989FE98003384AB /* DQConfigMenu.m */; };
		C54031E31989FE98003384AB /* DQControleReceita.m in Sources */ = {isa = PBXBuildFile; fileRef = C54031CF1989FE98003384AB /* DQControleReceita.m */; };
		C54031E41989FE98003384AB /* DQMenu.m in Sources */ = {isa = PBXBuildFile; fileRef = C54031D11989FE98003384AB /* DQMenu.m */; };
		C54031E51989FE98003384AB /* DQMenuConfiguracao.m in Sources */ = {isa = PBXBuildFile; fileRef = C54031D31989FE98003384AB /* DQMenuConfiguracao.m */; };
		C54031E61989FE98003384AB /* DQMenuItem.m in Sources */ = {isa = PBXBuildFile; fileRef = C54031D51989FE98003384AB /* DQMenuItem.m */; };
		C54031E71989FE98003384AB /* DQMenuQuest.m in Sources */ = {isa = PBXBuildFile; fileRef = C54031D71989FE98003384AB /* DQMenuQuest.m */; };
		C54031E81989FE98003384AB /* DQMenuReceita.m in Sources */ = {isa = PBXBuildFile; fileRef = C54031D91989FE98003384AB /* DQMenuReceita.m */; };
		C54031E91989FE98003384AB /* DQOpcaoMenu.m in Sources */ = {isa = PBXBuildFile; fileRef = C54031DB1989FE98003384AB /* DQOpcaoMenu.m */; };
		C54031EA1989FE98003384AB /* DQReferenciaMissaoJogador.m in Sources */ = {isa = PBXBuildFile; fileRef = C54031DE1989FE98003384AB /* DQReferenciaMissaoJogador.m */; };
		C54031EB1989FE98003384AB /* DQTexto.m in Sources */ = {isa = PBXBuildFile; fileRef = C54031E01989FE98003384AB /* DQTexto.m */; };
		C54031EF1989FEE7003384AB /* DQItem.m in Sources */ = {isa = PBXBuildFile; fileRef = C54031EE1989FEE7003384AB /* DQItem.m */; };
		C54031F21989FF4A003384AB /* DQFlorestaParte2.m in Sources */ = {isa = PBXBuildFile; fileRef = C54031F11989FF4A003384AB /* DQFlorestaParte2.m */; };
		C54B79B31971CC3D00366512 /* DQVila.m in Sources */ = {isa = PBXBuildFile; fileRef = C54B79B21971CC3D00366512 /* DQVila.m */; };
		C54B79C71972440400366512 /* DQEscalavel.m in Sources */ = {isa = PBXBuildFile; fileRef = C54B79C61972440400366512 /* DQEscalavel.m */; };
		C56A9D82196E252C00DD2347 /* DQFase.m in Sources */ = {isa = PBXBuildFile; fileRef = C56A9D81196E252C00DD2347 /* DQFase.m */; };
		C57D7C2C1964E99000EF94C9 /* Jogador.png in Resources */ = {isa = PBXBuildFile; fileRef = C57D7C2B1964E99000EF94C9 /* Jogador.png */; };
		C59181611967756700AFD8B5 /* DQPlataforma.m in Sources */ = {isa = PBXBuildFile; fileRef = C59181601967756700AFD8B5 /* DQPlataforma.m */; };
		C5B1740B1968C77800143B8D /* DQConfiguracaoFase.m in Sources */ = {isa = PBXBuildFile; fileRef = C5B1740A1968C77800143B8D /* DQConfiguracaoFase.m */; };
		C5B7FBDA1975F24100C2CAFC /* tutorialPular.atlas in Resources */ = {isa = PBXBuildFile; fileRef = C5B7FBD81975F24100C2CAFC /* tutorialPular.atlas */; };
		C5B7FBDF19762A1A00C2CAFC /* BalaoAlerta.png in Resources */ = {isa = PBXBuildFile; fileRef = C5B7FBDE19762A1A00C2CAFC /* BalaoAlerta.png */; };
		C5BFD5A4198C4F53005F3460 /* DQVidaControle.m in Sources */ = {isa = PBXBuildFile; fileRef = C5BFD5A3198C4F53005F3460 /* DQVidaControle.m */; };
		C5BFD5A6198C4FF0005F3460 /* cutscene3.atlas in Resources */ = {isa = PBXBuildFile; fileRef = C5BFD5A5198C4FF0005F3460 /* cutscene3.atlas */; };
		C5D2A69C196A535800F3B7C4 /* Fase1_Parte1.png in Resources */ = {isa = PBXBuildFile; fileRef = C5D2A693196A535800F3B7C4 /* Fase1_Parte1.png */; };
		C5D2A69D196A535800F3B7C4 /* Fase1_Parte2.png in Resources */ = {isa = PBXBuildFile; fileRef = C5D2A694196A535800F3B7C4 /* Fase1_Parte2.png */; };
		C5D2A69E196A535800F3B7C4 /* Fase1_Parte3.png in Resources */ = {isa = PBXBuildFile; fileRef = C5D2A695196A535800F3B7C4 /* Fase1_Parte3.png */; };
		C5D2A69F196A535800F3B7C4 /* Fase1_Parte4_Coberta.png in Resources */ = {isa = PBXBuildFile; fileRef = C5D2A696196A535800F3B7C4 /* Fase1_Parte4_Coberta.png */; };
		C5D2A6A0196A535800F3B7C4 /* Fase1_Parte4.png in Resources */ = {isa = PBXBuildFile; fileRef = C5D2A697196A535800F3B7C4 /* Fase1_Parte4.png */; };
		C5D2A6A1196A535800F3B7C4 /* Fase1_Parte5.png in Resources */ = {isa = PBXBuildFile; fileRef = C5D2A698196A535800F3B7C4 /* Fase1_Parte5.png */; };
		C5D2A6A2196A535800F3B7C4 /* Fase1_Parte6.png in Resources */ = {isa = PBXBuildFile; fileRef = C5D2A699196A535800F3B7C4 /* Fase1_Parte6.png */; };
		C5D2A6A3196A535800F3B7C4 /* Fase1_Parte7.png in Resources */ = {isa = PBXBuildFile; fileRef = C5D2A69A196A535800F3B7C4 /* Fase1_Parte7.png */; };
		C5D2A6A4196A535800F3B7C4 /* Fase1_Parte8.png in Resources */ = {isa = PBXBuildFile; fileRef = C5D2A69B196A535800F3B7C4 /* Fase1_Parte8.png */; };
		C5E1F40D198AD0A300F7A320 /* itens.atlas in Resources */ = {isa = PBXBuildFile; fileRef = C5E1F40B198AD0A300F7A320 /* itens.atlas */; };
		C5E1F415198AECC800F7A320 /* DQControleUserDefalts.m in Sources */ = {isa = PBXBuildFile; fileRef = C5E1F414198AECC800F7A320 /* DQControleUserDefalts.m */; };
		C5E1F417198B223800F7A320 /* Menu.atlas in Resources */ = {isa = PBXBuildFile; fileRef = C5E1F416198B223800F7A320 /* Menu.atlas */; };
		C5EE3A5B1974A9FD008D3D8D /* Fase2_Parte1.png in Resources */ = {isa = PBXBuildFile; fileRef = C5EE3A571974A9FD008D3D8D /* Fase2_Parte1.png */; };
		C5EE3A5C1974A9FD008D3D8D /* Fase2_Parte2.png in Resources */ = {isa = PBXBuildFile; fileRef = C5EE3A581974A9FD008D3D8D /* Fase2_Parte2.png */; };
		C5EE3A5D1974A9FD008D3D8D /* Fase2_Parte3.png in Resources */ = {isa = PBXBuildFile; fileRef = C5EE3A591974A9FD008D3D8D /* Fase2_Parte3.png */; };
		C5EE3A5E1974A9FD008D3D8D /* Fase2_Parte4.png in Resources */ = {isa = PBXBuildFile; fileRef = C5EE3A5A1974A9FD008D3D8D /* Fase2_Parte4.png */; };
		CDE817F31933C790003516E7 /* DQJogador.m in Sources */ = {isa = PBXBuildFile; fileRef = CDE817F21933C790003516E7 /* DQJogador.m */; };
/* End PBXBuildFile section */

/* Begin PBXContainerItemProxy section */
		94080EC81933BA2A0024FB94 /* PBXContainerItemProxy */ = {
			isa = PBXContainerItemProxy;
			containerPortal = 94080E931933BA290024FB94 /* Project object */;
			proxyType = 1;
			remoteGlobalIDString = 94080E9A1933BA290024FB94;
			remoteInfo = DrQuim;
		};
/* End PBXContainerItemProxy section */

/* Begin PBXFileReference section */
		23622C081975F4CB00D83532 /* tutorialCorrerDireita.atlas */ = {isa = PBXFileReference; lastKnownFileType = folder.skatlas; path = tutorialCorrerDireita.atlas; sourceTree = "<group>"; };
		23622C091975F4CB00D83532 /* tutorialCorrerEsquerda.atlas */ = {isa = PBXFileReference; lastKnownFileType = folder.skatlas; path = tutorialCorrerEsquerda.atlas; sourceTree = "<group>"; };
		23A538E7196C6E9E00821BAF /* DQnpc.h */ = {isa = PBXFileReference; fileEncoding = 4; lastKnownFileType = sourcecode.c.h; path = DQnpc.h; sourceTree = "<group>"; };
		23A538E8196C6E9E00821BAF /* DQnpc.m */ = {isa = PBXFileReference; fileEncoding = 4; lastKnownFileType = sourcecode.c.objc; path = DQnpc.m; sourceTree = "<group>"; };
		23A6DE9919477F1500982F9D /* DQCena.h */ = {isa = PBXFileReference; fileEncoding = 4; lastKnownFileType = sourcecode.c.h; path = DQCena.h; sourceTree = "<group>"; };
		23A6DE9A19477F1500982F9D /* DQCena.m */ = {isa = PBXFileReference; fileEncoding = 4; lastKnownFileType = sourcecode.c.objc; path = DQCena.m; sourceTree = "<group>"; };
		23BFA4A9196A3CC700AD5F0C /* icon.png */ = {isa = PBXFileReference; lastKnownFileType = image.png; path = icon.png; sourceTree = "<group>"; };
		23BFADBC1966E4FB00691C04 /* setinhas.png */ = {isa = PBXFileReference; lastKnownFileType = image.png; path = setinhas.png; sourceTree = "<group>"; };
		3C26D9061974B499002FEC9A /* cutscene1.atlas */ = {isa = PBXFileReference; lastKnownFileType = folder.skatlas; path = cutscene1.atlas; sourceTree = "<group>"; };
		3C26D9081974B4A2002FEC9A /* cutscene2.atlas */ = {isa = PBXFileReference; lastKnownFileType = folder.skatlas; path = cutscene2.atlas; sourceTree = "<group>"; };
		3CA4549A1969C70C00FB62D5 /* beep.mp3 */ = {isa = PBXFileReference; lastKnownFileType = audio.mp3; path = beep.mp3; sourceTree = "<group>"; };
		3CABE62C1977533F0064199A /* DQCoberturaBackground.h */ = {isa = PBXFileReference; fileEncoding = 4; lastKnownFileType = sourcecode.c.h; path = DQCoberturaBackground.h; sourceTree = "<group>"; };
		3CABE62D1977533F0064199A /* DQCoberturaBackground.m */ = {isa = PBXFileReference; fileEncoding = 4; lastKnownFileType = sourcecode.c.objc; path = DQCoberturaBackground.m; sourceTree = "<group>"; };
		3CAC84211979F63D000FB1A1 /* AndandoDr.atlas */ = {isa = PBXFileReference; lastKnownFileType = folder.skatlas; name = AndandoDr.atlas; path = Animacoes/AndandoDr.atlas; sourceTree = "<group>"; };
		3CAC84221979F63D000FB1A1 /* Caindo.atlas */ = {isa = PBXFileReference; lastKnownFileType = folder.skatlas; name = Caindo.atlas; path = Animacoes/Caindo.atlas; sourceTree = "<group>"; };
		3CAC84231979F63D000FB1A1 /* Escalando.atlas */ = {isa = PBXFileReference; lastKnownFileType = folder.skatlas; name = Escalando.atlas; path = Animacoes/Escalando.atlas; sourceTree = "<group>"; };
		3CAC84241979F63D000FB1A1 /* ParadoDr.atlas */ = {isa = PBXFileReference; lastKnownFileType = folder.skatlas; name = ParadoDr.atlas; path = Animacoes/ParadoDr.atlas; sourceTree = "<group>"; };
		3CAC84251979F63D000FB1A1 /* PulandoDr.atlas */ = {isa = PBXFileReference; lastKnownFileType = folder.skatlas; name = PulandoDr.atlas; path = Animacoes/PulandoDr.atlas; sourceTree = "<group>"; };
		3CAC842C1979FAD5000FB1A1 /* Derrapando.atlas */ = {isa = PBXFileReference; lastKnownFileType = folder.skatlas; name = Derrapando.atlas; path = Animacoes/Derrapando.atlas; sourceTree = "<group>"; };
		3CAC842D1979FAD5000FB1A1 /* Parado.atlas */ = {isa = PBXFileReference; lastKnownFileType = folder.skatlas; name = Parado.atlas; path = Animacoes/Parado.atlas; sourceTree = "<group>"; };
		3CAC8433197A01FB000FB1A1 /* Andando.atlas */ = {isa = PBXFileReference; lastKnownFileType = folder.skatlas; name = Andando.atlas; path = Animacoes/Andando.atlas; sourceTree = "<group>"; };
		3CAC8434197A01FB000FB1A1 /* Pulando.atlas */ = {isa = PBXFileReference; lastKnownFileType = folder.skatlas; name = Pulando.atlas; path = Animacoes/Pulando.atlas; sourceTree = "<group>"; };
		752FB1D01935146300DB4328 /* DQFlorestaParte1.h */ = {isa = PBXFileReference; fileEncoding = 4; lastKnownFileType = sourcecode.c.h; path = DQFlorestaParte1.h; sourceTree = "<group>"; };
		752FB1D11935146300DB4328 /* DQFlorestaParte1.m */ = {isa = PBXFileReference; fileEncoding = 4; lastKnownFileType = sourcecode.c.objc; path = DQFlorestaParte1.m; sourceTree = "<group>"; };
		753554601992C8F3006B62FA /* CaindoDr.atlas */ = {isa = PBXFileReference; lastKnownFileType = folder.skatlas; name = CaindoDr.atlas; path = Animacoes/CaindoDr.atlas; sourceTree = "<group>"; };
		753554611992C8F3006B62FA /* DerrapandoDr.atlas */ = {isa = PBXFileReference; lastKnownFileType = folder.skatlas; name = DerrapandoDr.atlas; path = Animacoes/DerrapandoDr.atlas; sourceTree = "<group>"; };
		755876EB199AB24B0084E5AC /* DQCutsceneControle.h */ = {isa = PBXFileReference; fileEncoding = 4; lastKnownFileType = sourcecode.c.h; path = DQCutsceneControle.h; sourceTree = "<group>"; };
		755876EC199AB24B0084E5AC /* DQCutsceneControle.m */ = {isa = PBXFileReference; fileEncoding = 4; lastKnownFileType = sourcecode.c.objc; path = DQCutsceneControle.m; sourceTree = "<group>"; };
		755876EE199AB2790084E5AC /* DQFala.h */ = {isa = PBXFileReference; fileEncoding = 4; lastKnownFileType = sourcecode.c.h; path = DQFala.h; sourceTree = "<group>"; };
		755876EF199AB2790084E5AC /* DQFala.m */ = {isa = PBXFileReference; fileEncoding = 4; lastKnownFileType = sourcecode.c.objc; path = DQFala.m; sourceTree = "<group>"; };
		755876F1199AB4350084E5AC /* DQCutsceneTela.h */ = {isa = PBXFileReference; fileEncoding = 4; lastKnownFileType = sourcecode.c.h; path = DQCutsceneTela.h; sourceTree = "<group>"; };
		755876F2199AB4350084E5AC /* DQCutsceneTela.m */ = {isa = PBXFileReference; fileEncoding = 4; lastKnownFileType = sourcecode.c.objc; path = DQCutsceneTela.m; sourceTree = "<group>"; };
		755876F4199AB4590084E5AC /* DQFalasNoJogoControle.h */ = {isa = PBXFileReference; fileEncoding = 4; lastKnownFileType = sourcecode.c.h; path = DQFalasNoJogoControle.h; sourceTree = "<group>"; };
		755876F5199AB4590084E5AC /* DQFalasNoJogoControle.m */ = {isa = PBXFileReference; fileEncoding = 4; lastKnownFileType = sourcecode.c.objc; path = DQFalasNoJogoControle.m; sourceTree = "<group>"; };
		755876F7199AB4690084E5AC /* DQMissaoControle.h */ = {isa = PBXFileReference; fileEncoding = 4; lastKnownFileType = sourcecode.c.h; path = DQMissaoControle.h; sourceTree = "<group>"; };
		755876F8199AB4690084E5AC /* DQMissaoControle.m */ = {isa = PBXFileReference; fileEncoding = 4; lastKnownFileType = sourcecode.c.objc; path = DQMissaoControle.m; sourceTree = "<group>"; };
		755876FA199AB4890084E5AC /* DQMissao.h */ = {isa = PBXFileReference; fileEncoding = 4; lastKnownFileType = sourcecode.c.h; path = DQMissao.h; sourceTree = "<group>"; };
		755876FB199AB4890084E5AC /* DQMissao.m */ = {isa = PBXFileReference; fileEncoding = 4; lastKnownFileType = sourcecode.c.objc; path = DQMissao.m; sourceTree = "<group>"; };
		94080E9B1933BA290024FB94 /* DrQuim.app */ = {isa = PBXFileReference; explicitFileType = wrapper.application; includeInIndex = 0; path = DrQuim.app; sourceTree = BUILT_PRODUCTS_DIR; };
		94080E9E1933BA290024FB94 /* Foundation.framework */ = {isa = PBXFileReference; lastKnownFileType = wrapper.framework; name = Foundation.framework; path = System/Library/Frameworks/Foundation.framework; sourceTree = SDKROOT; };
		94080EA01933BA290024FB94 /* CoreGraphics.framework */ = {isa = PBXFileReference; lastKnownFileType = wrapper.framework; name = CoreGraphics.framework; path = System/Library/Frameworks/CoreGraphics.framework; sourceTree = SDKROOT; };
		94080EA21933BA290024FB94 /* UIKit.framework */ = {isa = PBXFileReference; lastKnownFileType = wrapper.framework; name = UIKit.framework; path = System/Library/Frameworks/UIKit.framework; sourceTree = SDKROOT; };
		94080EA41933BA290024FB94 /* SpriteKit.framework */ = {isa = PBXFileReference; lastKnownFileType = wrapper.framework; name = SpriteKit.framework; path = System/Library/Frameworks/SpriteKit.framework; sourceTree = SDKROOT; };
		94080EA81933BA290024FB94 /* DrQuim-Info.plist */ = {isa = PBXFileReference; lastKnownFileType = text.plist.xml; path = "DrQuim-Info.plist"; sourceTree = "<group>"; };
		94080EAA1933BA290024FB94 /* en */ = {isa = PBXFileReference; lastKnownFileType = text.plist.strings; name = en; path = en.lproj/InfoPlist.strings; sourceTree = "<group>"; };
		94080EAC1933BA290024FB94 /* main.m */ = {isa = PBXFileReference; lastKnownFileType = sourcecode.c.objc; path = main.m; sourceTree = "<group>"; };
		94080EAE1933BA290024FB94 /* DrQuim-Prefix.pch */ = {isa = PBXFileReference; lastKnownFileType = sourcecode.c.h; path = "DrQuim-Prefix.pch"; sourceTree = "<group>"; };
		94080EAF1933BA290024FB94 /* DQAppDelegate.h */ = {isa = PBXFileReference; lastKnownFileType = sourcecode.c.h; path = DQAppDelegate.h; sourceTree = "<group>"; };
		94080EB01933BA290024FB94 /* DQAppDelegate.m */ = {isa = PBXFileReference; lastKnownFileType = sourcecode.c.objc; path = DQAppDelegate.m; sourceTree = "<group>"; };
		94080EB31933BA290024FB94 /* Base */ = {isa = PBXFileReference; lastKnownFileType = file.storyboard; name = Base; path = Base.lproj/Main.storyboard; sourceTree = "<group>"; };
		94080EB51933BA290024FB94 /* DQViewController.h */ = {isa = PBXFileReference; lastKnownFileType = sourcecode.c.h; path = DQViewController.h; sourceTree = "<group>"; };
		94080EB61933BA290024FB94 /* DQViewController.m */ = {isa = PBXFileReference; lastKnownFileType = sourcecode.c.objc; path = DQViewController.m; sourceTree = "<group>"; };
		94080EBD1933BA290024FB94 /* Images.xcassets */ = {isa = PBXFileReference; lastKnownFileType = folder.assetcatalog; path = Images.xcassets; sourceTree = "<group>"; };
		94080EC31933BA290024FB94 /* DrQuimTests.xctest */ = {isa = PBXFileReference; explicitFileType = wrapper.cfbundle; includeInIndex = 0; path = DrQuimTests.xctest; sourceTree = BUILT_PRODUCTS_DIR; };
		94080EC41933BA290024FB94 /* XCTest.framework */ = {isa = PBXFileReference; lastKnownFileType = wrapper.framework; name = XCTest.framework; path = Library/Frameworks/XCTest.framework; sourceTree = DEVELOPER_DIR; };
		94080ECC1933BA2A0024FB94 /* DrQuimTests-Info.plist */ = {isa = PBXFileReference; lastKnownFileType = text.plist.xml; path = "DrQuimTests-Info.plist"; sourceTree = "<group>"; };
		94080ECE1933BA2A0024FB94 /* en */ = {isa = PBXFileReference; lastKnownFileType = text.plist.strings; name = en; path = en.lproj/InfoPlist.strings; sourceTree = "<group>"; };
		94080ED01933BA2A0024FB94 /* DrQuimTests.m */ = {isa = PBXFileReference; lastKnownFileType = sourcecode.c.objc; path = DrQuimTests.m; sourceTree = "<group>"; };
		947A33D91959EED1003EC57D /* DQControleCorpoFisico.h */ = {isa = PBXFileReference; fileEncoding = 4; lastKnownFileType = sourcecode.c.h; path = DQControleCorpoFisico.h; sourceTree = "<group>"; };
		947A33DA1959EED1003EC57D /* DQControleCorpoFisico.m */ = {isa = PBXFileReference; fileEncoding = 4; lastKnownFileType = sourcecode.c.objc; path = DQControleCorpoFisico.m; sourceTree = "<group>"; };
		9488195E19901A4600609A0F /* DQItensJogador.h */ = {isa = PBXFileReference; fileEncoding = 4; lastKnownFileType = sourcecode.c.h; path = DQItensJogador.h; sourceTree = "<group>"; };
		9488195F19901A4600609A0F /* DQItensJogador.m */ = {isa = PBXFileReference; fileEncoding = 4; lastKnownFileType = sourcecode.c.objc; path = DQItensJogador.m; sourceTree = "<group>"; };
		9488196119901A6D00609A0F /* ConfigFase.plist */ = {isa = PBXFileReference; fileEncoding = 4; lastKnownFileType = text.plist.xml; name = ConfigFase.plist; path = "Arquivos Plist/ConfigFase.plist"; sourceTree = "<group>"; };
		9488196219901A6D00609A0F /* ConfigMenu.plist */ = {isa = PBXFileReference; fileEncoding = 4; lastKnownFileType = text.plist.xml; name = ConfigMenu.plist; path = "Arquivos Plist/ConfigMenu.plist"; sourceTree = "<group>"; };
		9488196319901A6D00609A0F /* FalasNoJogo.plist */ = {isa = PBXFileReference; fileEncoding = 4; lastKnownFileType = text.plist.xml; name = FalasNoJogo.plist; path = "Arquivos Plist/FalasNoJogo.plist"; sourceTree = "<group>"; };
		9488196419901A6D00609A0F /* ItensJogador.plist */ = {isa = PBXFileReference; fileEncoding = 4; lastKnownFileType = text.plist.xml; name = ItensJogador.plist; path = "Arquivos Plist/ItensJogador.plist"; sourceTree = "<group>"; };
		9488196519901A6D00609A0F /* ItensReferencia.plist */ = {isa = PBXFileReference; fileEncoding = 4; lastKnownFileType = text.plist.xml; name = ItensReferencia.plist; path = "Arquivos Plist/ItensReferencia.plist"; sourceTree = "<group>"; };
		9488196619901A6D00609A0F /* MissoesJogador.plist */ = {isa = PBXFileReference; fileEncoding = 4; lastKnownFileType = text.plist.xml; name = MissoesJogador.plist; path = "Arquivos Plist/MissoesJogador.plist"; sourceTree = "<group>"; };
		9488196819901A6D00609A0F /* Receitas.plist */ = {isa = PBXFileReference; fileEncoding = 4; lastKnownFileType = text.plist.xml; name = Receitas.plist; path = "Arquivos Plist/Receitas.plist"; sourceTree = "<group>"; };
		9488197119901AE200609A0F /* rostoCientista.png */ = {isa = PBXFileReference; lastKnownFileType = image.png; name = rostoCientista.png; path = rostos/rostoCientista.png; sourceTree = "<group>"; };
		9488197219901AE200609A0F /* rostoPiloto.png */ = {isa = PBXFileReference; lastKnownFileType = image.png; name = rostoPiloto.png; path = rostos/rostoPiloto.png; sourceTree = "<group>"; };
		948819751990218400609A0F /* FalasCutScene.plist */ = {isa = PBXFileReference; fileEncoding = 4; lastKnownFileType = text.plist.xml; name = FalasCutScene.plist; path = "Arquivos Plist/FalasCutScene.plist"; sourceTree = "<group>"; };
		C51125881973AB4E00CECCAD /* DQBarraStatus.h */ = {isa = PBXFileReference; fileEncoding = 4; lastKnownFileType = sourcecode.c.h; path = DQBarraStatus.h; sourceTree = "<group>"; };
		C51125891973AB4E00CECCAD /* DQBarraStatus.m */ = {isa = PBXFileReference; fileEncoding = 4; lastKnownFileType = sourcecode.c.objc; path = DQBarraStatus.m; sourceTree = "<group>"; };
		C511258A1973AB4E00CECCAD /* DQHudController.h */ = {isa = PBXFileReference; fileEncoding = 4; lastKnownFileType = sourcecode.c.h; path = DQHudController.h; sourceTree = "<group>"; };
		C511258B1973AB4E00CECCAD /* DQHudController.m */ = {isa = PBXFileReference; fileEncoding = 4; lastKnownFileType = sourcecode.c.objc; path = DQHudController.m; sourceTree = "<group>"; };
		C51125911973AB6000CECCAD /* FundoHUD.png */ = {isa = PBXFileReference; lastKnownFileType = image.png; path = FundoHUD.png; sourceTree = "<group>"; };
		C51125931973B00B00CECCAD /* NPCS.atlas */ = {isa = PBXFileReference; lastKnownFileType = folder.skatlas; path = NPCS.atlas; sourceTree = "<group>"; };
		C54031B21989FDB1003384AB /* rostoCacador.png */ = {isa = PBXFileReference; lastKnownFileType = image.png; name = rostoCacador.png; path = Personagens/rostos/rostoCacador.png; sourceTree = "<group>"; };
		C54031B31989FDB1003384AB /* rostoChefeRanzinza.png */ = {isa = PBXFileReference; lastKnownFileType = image.png; name = rostoChefeRanzinza.png; path = Personagens/rostos/rostoChefeRanzinza.png; sourceTree = "<group>"; };
		C54031B41989FDB1003384AB /* rostoChefeSimpatico.png */ = {isa = PBXFileReference; lastKnownFileType = image.png; name = rostoChefeSimpatico.png; path = Personagens/rostos/rostoChefeSimpatico.png; sourceTree = "<group>"; };
		C54031B61989FDB1003384AB /* rostoCurandeiro.png */ = {isa = PBXFileReference; lastKnownFileType = image.png; name = rostoCurandeiro.png; path = Personagens/rostos/rostoCurandeiro.png; sourceTree = "<group>"; };
		C54031B71989FDB1003384AB /* rostoMaedetodos.png */ = {isa = PBXFileReference; lastKnownFileType = image.png; name = rostoMaedetodos.png; path = Personagens/rostos/rostoMaedetodos.png; sourceTree = "<group>"; };
		C54031CA1989FE98003384AB /* DQConfigMenu.h */ = {isa = PBXFileReference; fileEncoding = 4; lastKnownFileType = sourcecode.c.h; path = DQConfigMenu.h; sourceTree = "<group>"; };
		C54031CB1989FE98003384AB /* DQConfigMenu.m */ = {isa = PBXFileReference; fileEncoding = 4; lastKnownFileType = sourcecode.c.objc; path = DQConfigMenu.m; sourceTree = "<group>"; };
		C54031CE1989FE98003384AB /* DQControleReceita.h */ = {isa = PBXFileReference; fileEncoding = 4; lastKnownFileType = sourcecode.c.h; path = DQControleReceita.h; sourceTree = "<group>"; };
		C54031CF1989FE98003384AB /* DQControleReceita.m */ = {isa = PBXFileReference; fileEncoding = 4; lastKnownFileType = sourcecode.c.objc; path = DQControleReceita.m; sourceTree = "<group>"; };
		C54031D01989FE98003384AB /* DQMenu.h */ = {isa = PBXFileReference; fileEncoding = 4; lastKnownFileType = sourcecode.c.h; path = DQMenu.h; sourceTree = "<group>"; };
		C54031D11989FE98003384AB /* DQMenu.m */ = {isa = PBXFileReference; fileEncoding = 4; lastKnownFileType = sourcecode.c.objc; path = DQMenu.m; sourceTree = "<group>"; };
		C54031D21989FE98003384AB /* DQMenuConfiguracao.h */ = {isa = PBXFileReference; fileEncoding = 4; lastKnownFileType = sourcecode.c.h; path = DQMenuConfiguracao.h; sourceTree = "<group>"; };
		C54031D31989FE98003384AB /* DQMenuConfiguracao.m */ = {isa = PBXFileReference; fileEncoding = 4; lastKnownFileType = sourcecode.c.objc; path = DQMenuConfiguracao.m; sourceTree = "<group>"; };
		C54031D41989FE98003384AB /* DQMenuItem.h */ = {isa = PBXFileReference; fileEncoding = 4; lastKnownFileType = sourcecode.c.h; path = DQMenuItem.h; sourceTree = "<group>"; };
		C54031D51989FE98003384AB /* DQMenuItem.m */ = {isa = PBXFileReference; fileEncoding = 4; lastKnownFileType = sourcecode.c.objc; path = DQMenuItem.m; sourceTree = "<group>"; };
		C54031D61989FE98003384AB /* DQMenuQuest.h */ = {isa = PBXFileReference; fileEncoding = 4; lastKnownFileType = sourcecode.c.h; path = DQMenuQuest.h; sourceTree = "<group>"; };
		C54031D71989FE98003384AB /* DQMenuQuest.m */ = {isa = PBXFileReference; fileEncoding = 4; lastKnownFileType = sourcecode.c.objc; path = DQMenuQuest.m; sourceTree = "<group>"; };
		C54031D81989FE98003384AB /* DQMenuReceita.h */ = {isa = PBXFileReference; fileEncoding = 4; lastKnownFileType = sourcecode.c.h; path = DQMenuReceita.h; sourceTree = "<group>"; };
		C54031D91989FE98003384AB /* DQMenuReceita.m */ = {isa = PBXFileReference; fileEncoding = 4; lastKnownFileType = sourcecode.c.objc; path = DQMenuReceita.m; sourceTree = "<group>"; };
		C54031DA1989FE98003384AB /* DQOpcaoMenu.h */ = {isa = PBXFileReference; fileEncoding = 4; lastKnownFileType = sourcecode.c.h; path = DQOpcaoMenu.h; sourceTree = "<group>"; };
		C54031DB1989FE98003384AB /* DQOpcaoMenu.m */ = {isa = PBXFileReference; fileEncoding = 4; lastKnownFileType = sourcecode.c.objc; path = DQOpcaoMenu.m; sourceTree = "<group>"; };
		C54031DC1989FE98003384AB /* DQProtocolMenu.h */ = {isa = PBXFileReference; fileEncoding = 4; lastKnownFileType = sourcecode.c.h; path = DQProtocolMenu.h; sourceTree = "<group>"; };
		C54031DD1989FE98003384AB /* DQReferenciaMissaoJogador.h */ = {isa = PBXFileReference; fileEncoding = 4; lastKnownFileType = sourcecode.c.h; path = DQReferenciaMissaoJogador.h; sourceTree = "<group>"; };
		C54031DE1989FE98003384AB /* DQReferenciaMissaoJogador.m */ = {isa = PBXFileReference; fileEncoding = 4; lastKnownFileType = sourcecode.c.objc; path = DQReferenciaMissaoJogador.m; sourceTree = "<group>"; };
		C54031DF1989FE98003384AB /* DQTexto.h */ = {isa = PBXFileReference; fileEncoding = 4; lastKnownFileType = sourcecode.c.h; path = DQTexto.h; sourceTree = "<group>"; };
		C54031E01989FE98003384AB /* DQTexto.m */ = {isa = PBXFileReference; fileEncoding = 4; lastKnownFileType = sourcecode.c.objc; path = DQTexto.m; sourceTree = "<group>"; };
		C54031ED1989FEE7003384AB /* DQItem.h */ = {isa = PBXFileReference; fileEncoding = 4; lastKnownFileType = sourcecode.c.h; path = DQItem.h; sourceTree = "<group>"; };
		C54031EE1989FEE7003384AB /* DQItem.m */ = {isa = PBXFileReference; fileEncoding = 4; lastKnownFileType = sourcecode.c.objc; path = DQItem.m; sourceTree = "<group>"; };
		C54031F01989FF4A003384AB /* DQFlorestaParte2.h */ = {isa = PBXFileReference; fileEncoding = 4; lastKnownFileType = sourcecode.c.h; path = DQFlorestaParte2.h; sourceTree = "<group>"; };
		C54031F11989FF4A003384AB /* DQFlorestaParte2.m */ = {isa = PBXFileReference; fileEncoding = 4; lastKnownFileType = sourcecode.c.objc; path = DQFlorestaParte2.m; sourceTree = "<group>"; };
		C54B79B11971CC3D00366512 /* DQVila.h */ = {isa = PBXFileReference; fileEncoding = 4; lastKnownFileType = sourcecode.c.h; path = DQVila.h; sourceTree = "<group>"; };
		C54B79B21971CC3D00366512 /* DQVila.m */ = {isa = PBXFileReference; fileEncoding = 4; lastKnownFileType = sourcecode.c.objc; path = DQVila.m; sourceTree = "<group>"; };
		C54B79C51972440400366512 /* DQEscalavel.h */ = {isa = PBXFileReference; fileEncoding = 4; lastKnownFileType = sourcecode.c.h; path = DQEscalavel.h; sourceTree = "<group>"; };
		C54B79C61972440400366512 /* DQEscalavel.m */ = {isa = PBXFileReference; fileEncoding = 4; lastKnownFileType = sourcecode.c.objc; path = DQEscalavel.m; sourceTree = "<group>"; };
		C56A9D80196E252C00DD2347 /* DQFase.h */ = {isa = PBXFileReference; fileEncoding = 4; lastKnownFileType = sourcecode.c.h; path = DQFase.h; sourceTree = "<group>"; };
		C56A9D81196E252C00DD2347 /* DQFase.m */ = {isa = PBXFileReference; fileEncoding = 4; lastKnownFileType = sourcecode.c.objc; path = DQFase.m; sourceTree = "<group>"; };
		C57D7C2B1964E99000EF94C9 /* Jogador.png */ = {isa = PBXFileReference; lastKnownFileType = image.png; path = Jogador.png; sourceTree = "<group>"; };
		C591815F1967756700AFD8B5 /* DQPlataforma.h */ = {isa = PBXFileReference; fileEncoding = 4; lastKnownFileType = sourcecode.c.h; path = DQPlataforma.h; sourceTree = "<group>"; };
		C59181601967756700AFD8B5 /* DQPlataforma.m */ = {isa = PBXFileReference; fileEncoding = 4; lastKnownFileType = sourcecode.c.objc; path = DQPlataforma.m; sourceTree = "<group>"; };
		C5B174091968C77800143B8D /* DQConfiguracaoFase.h */ = {isa = PBXFileReference; fileEncoding = 4; lastKnownFileType = sourcecode.c.h; path = DQConfiguracaoFase.h; sourceTree = "<group>"; };
		C5B1740A1968C77800143B8D /* DQConfiguracaoFase.m */ = {isa = PBXFileReference; fileEncoding = 4; lastKnownFileType = sourcecode.c.objc; path = DQConfiguracaoFase.m; sourceTree = "<group>"; };
		C5B7FBD81975F24100C2CAFC /* tutorialPular.atlas */ = {isa = PBXFileReference; lastKnownFileType = folder.skatlas; path = tutorialPular.atlas; sourceTree = "<group>"; };
		C5B7FBDE19762A1A00C2CAFC /* BalaoAlerta.png */ = {isa = PBXFileReference; lastKnownFileType = image.png; path = BalaoAlerta.png; sourceTree = "<group>"; };
		C5BFD5A2198C4F53005F3460 /* DQVidaControle.h */ = {isa = PBXFileReference; fileEncoding = 4; lastKnownFileType = sourcecode.c.h; path = DQVidaControle.h; sourceTree = "<group>"; };
		C5BFD5A3198C4F53005F3460 /* DQVidaControle.m */ = {isa = PBXFileReference; fileEncoding = 4; lastKnownFileType = sourcecode.c.objc; path = DQVidaControle.m; sourceTree = "<group>"; };
		C5BFD5A5198C4FF0005F3460 /* cutscene3.atlas */ = {isa = PBXFileReference; lastKnownFileType = folder.skatlas; path = cutscene3.atlas; sourceTree = "<group>"; };
		C5D2A693196A535800F3B7C4 /* Fase1_Parte1.png */ = {isa = PBXFileReference; lastKnownFileType = image.png; name = Fase1_Parte1.png; path = MapaFundo/Fase1/Fase1_Parte1.png; sourceTree = "<group>"; };
		C5D2A694196A535800F3B7C4 /* Fase1_Parte2.png */ = {isa = PBXFileReference; lastKnownFileType = image.png; name = Fase1_Parte2.png; path = MapaFundo/Fase1/Fase1_Parte2.png; sourceTree = "<group>"; };
		C5D2A695196A535800F3B7C4 /* Fase1_Parte3.png */ = {isa = PBXFileReference; lastKnownFileType = image.png; name = Fase1_Parte3.png; path = MapaFundo/Fase1/Fase1_Parte3.png; sourceTree = "<group>"; };
		C5D2A696196A535800F3B7C4 /* Fase1_Parte4_Coberta.png */ = {isa = PBXFileReference; lastKnownFileType = image.png; name = Fase1_Parte4_Coberta.png; path = MapaFundo/Fase1/Fase1_Parte4_Coberta.png; sourceTree = "<group>"; };
		C5D2A697196A535800F3B7C4 /* Fase1_Parte4.png */ = {isa = PBXFileReference; lastKnownFileType = image.png; name = Fase1_Parte4.png; path = MapaFundo/Fase1/Fase1_Parte4.png; sourceTree = "<group>"; };
		C5D2A698196A535800F3B7C4 /* Fase1_Parte5.png */ = {isa = PBXFileReference; lastKnownFileType = image.png; name = Fase1_Parte5.png; path = MapaFundo/Fase1/Fase1_Parte5.png; sourceTree = "<group>"; };
		C5D2A699196A535800F3B7C4 /* Fase1_Parte6.png */ = {isa = PBXFileReference; lastKnownFileType = image.png; name = Fase1_Parte6.png; path = MapaFundo/Fase1/Fase1_Parte6.png; sourceTree = "<group>"; };
		C5D2A69A196A535800F3B7C4 /* Fase1_Parte7.png */ = {isa = PBXFileReference; lastKnownFileType = image.png; name = Fase1_Parte7.png; path = MapaFundo/Fase1/Fase1_Parte7.png; sourceTree = "<group>"; };
		C5D2A69B196A535800F3B7C4 /* Fase1_Parte8.png */ = {isa = PBXFileReference; lastKnownFileType = image.png; name = Fase1_Parte8.png; path = MapaFundo/Fase1/Fase1_Parte8.png; sourceTree = "<group>"; };
		C5E1F40B198AD0A300F7A320 /* itens.atlas */ = {isa = PBXFileReference; lastKnownFileType = folder.skatlas; path = itens.atlas; sourceTree = "<group>"; };
		C5E1F413198AECC800F7A320 /* DQControleUserDefalts.h */ = {isa = PBXFileReference; fileEncoding = 4; lastKnownFileType = sourcecode.c.h; path = DQControleUserDefalts.h; sourceTree = "<group>"; };
		C5E1F414198AECC800F7A320 /* DQControleUserDefalts.m */ = {isa = PBXFileReference; fileEncoding = 4; lastKnownFileType = sourcecode.c.objc; path = DQControleUserDefalts.m; sourceTree = "<group>"; };
		C5E1F416198B223800F7A320 /* Menu.atlas */ = {isa = PBXFileReference; lastKnownFileType = folder.skatlas; path = Menu.atlas; sourceTree = "<group>"; };
		C5EE3A571974A9FD008D3D8D /* Fase2_Parte1.png */ = {isa = PBXFileReference; lastKnownFileType = image.png; path = Fase2_Parte1.png; sourceTree = "<group>"; };
		C5EE3A581974A9FD008D3D8D /* Fase2_Parte2.png */ = {isa = PBXFileReference; lastKnownFileType = image.png; path = Fase2_Parte2.png; sourceTree = "<group>"; };
		C5EE3A591974A9FD008D3D8D /* Fase2_Parte3.png */ = {isa = PBXFileReference; lastKnownFileType = image.png; path = Fase2_Parte3.png; sourceTree = "<group>"; };
		C5EE3A5A1974A9FD008D3D8D /* Fase2_Parte4.png */ = {isa = PBXFileReference; lastKnownFileType = image.png; path = Fase2_Parte4.png; sourceTree = "<group>"; };
		CDE817F11933C790003516E7 /* DQJogador.h */ = {isa = PBXFileReference; fileEncoding = 4; lastKnownFileType = sourcecode.c.h; path = DQJogador.h; sourceTree = "<group>"; };
		CDE817F21933C790003516E7 /* DQJogador.m */ = {isa = PBXFileReference; fileEncoding = 4; lastKnownFileType = sourcecode.c.objc; path = DQJogador.m; sourceTree = "<group>"; };
/* End PBXFileReference section */

/* Begin PBXFrameworksBuildPhase section */
		94080E981933BA290024FB94 /* Frameworks */ = {
			isa = PBXFrameworksBuildPhase;
			buildActionMask = 2147483647;
			files = (
				94080EA11933BA290024FB94 /* CoreGraphics.framework in Frameworks */,
				94080EA31933BA290024FB94 /* UIKit.framework in Frameworks */,
				94080EA51933BA290024FB94 /* SpriteKit.framework in Frameworks */,
				94080E9F1933BA290024FB94 /* Foundation.framework in Frameworks */,
			);
			runOnlyForDeploymentPostprocessing = 0;
		};
		94080EC01933BA290024FB94 /* Frameworks */ = {
			isa = PBXFrameworksBuildPhase;
			buildActionMask = 2147483647;
			files = (
				94080EC51933BA290024FB94 /* XCTest.framework in Frameworks */,
				94080EC71933BA2A0024FB94 /* UIKit.framework in Frameworks */,
				94080EC61933BA2A0024FB94 /* Foundation.framework in Frameworks */,
			);
			runOnlyForDeploymentPostprocessing = 0;
		};
/* End PBXFrameworksBuildPhase section */

/* Begin PBXGroup section */
		2323166F1947BCAB0002FB1D /* Arquvos XML */ = {
			isa = PBXGroup;
			children = (
				948819751990218400609A0F /* FalasCutScene.plist */,
				9488196119901A6D00609A0F /* ConfigFase.plist */,
				9488196219901A6D00609A0F /* ConfigMenu.plist */,
				9488196319901A6D00609A0F /* FalasNoJogo.plist */,
				9488196419901A6D00609A0F /* ItensJogador.plist */,
				9488196519901A6D00609A0F /* ItensReferencia.plist */,
				9488196619901A6D00609A0F /* MissoesJogador.plist */,
				9488196819901A6D00609A0F /* Receitas.plist */,
			);
			name = "Arquvos XML";
			sourceTree = "<group>";
		};
		23477FF719463E0E00479AFE /* Falas e Cutscenes */ = {
			isa = PBXGroup;
			children = (
				755876F1199AB4350084E5AC /* DQCutsceneTela.h */,
				755876F2199AB4350084E5AC /* DQCutsceneTela.m */,
				755876EE199AB2790084E5AC /* DQFala.h */,
				755876EF199AB2790084E5AC /* DQFala.m */,
				23A6DE9919477F1500982F9D /* DQCena.h */,
				23A6DE9A19477F1500982F9D /* DQCena.m */,
			);
			name = "Falas e Cutscenes";
			sourceTree = "<group>";
		};
		23BFA4AB196A3CE100AD5F0C /* Rostos */ = {
			isa = PBXGroup;
			children = (
				C54031B21989FDB1003384AB /* rostoCacador.png */,
				C54031B31989FDB1003384AB /* rostoChefeRanzinza.png */,
				C54031B41989FDB1003384AB /* rostoChefeSimpatico.png */,
				C54031B61989FDB1003384AB /* rostoCurandeiro.png */,
				C54031B71989FDB1003384AB /* rostoMaedetodos.png */,
				9488197119901AE200609A0F /* rostoCientista.png */,
				9488197219901AE200609A0F /* rostoPiloto.png */,
			);
			name = Rostos;
			path = ..;
			sourceTree = "<group>";
		};
		3CAC84201979F630000FB1A1 /* Animacoes */ = {
			isa = PBXGroup;
			children = (
				753554601992C8F3006B62FA /* CaindoDr.atlas */,
				753554611992C8F3006B62FA /* DerrapandoDr.atlas */,
				3CAC8433197A01FB000FB1A1 /* Andando.atlas */,
				3CAC84211979F63D000FB1A1 /* AndandoDr.atlas */,
				3CAC84221979F63D000FB1A1 /* Caindo.atlas */,
				3CAC842C1979FAD5000FB1A1 /* Derrapando.atlas */,
				3CAC84231979F63D000FB1A1 /* Escalando.atlas */,
				3CAC842D1979FAD5000FB1A1 /* Parado.atlas */,
				3CAC84241979F63D000FB1A1 /* ParadoDr.atlas */,
				3CAC8434197A01FB000FB1A1 /* Pulando.atlas */,
				3CAC84251979F63D000FB1A1 /* PulandoDr.atlas */,
			);
			name = Animacoes;
			sourceTree = "<group>";
		};
		94080E921933BA290024FB94 = {
			isa = PBXGroup;
			children = (
				94080EA61933BA290024FB94 /* DrQuim */,
				94080ECA1933BA2A0024FB94 /* DrQuimTests */,
				94080E9D1933BA290024FB94 /* Frameworks */,
				94080E9C1933BA290024FB94 /* Products */,
			);
			sourceTree = "<group>";
		};
		94080E9C1933BA290024FB94 /* Products */ = {
			isa = PBXGroup;
			children = (
				94080E9B1933BA290024FB94 /* DrQuim.app */,
				94080EC31933BA290024FB94 /* DrQuimTests.xctest */,
			);
			name = Products;
			sourceTree = "<group>";
		};
		94080E9D1933BA290024FB94 /* Frameworks */ = {
			isa = PBXGroup;
			children = (
				94080E9E1933BA290024FB94 /* Foundation.framework */,
				94080EA01933BA290024FB94 /* CoreGraphics.framework */,
				94080EA21933BA290024FB94 /* UIKit.framework */,
				94080EA41933BA290024FB94 /* SpriteKit.framework */,
				94080EC41933BA290024FB94 /* XCTest.framework */,
			);
			name = Frameworks;
			sourceTree = "<group>";
		};
		94080EA61933BA290024FB94 /* DrQuim */ = {
			isa = PBXGroup;
			children = (
				2323166F1947BCAB0002FB1D /* Arquvos XML */,
				C57D7C2A1964E3A100EF94C9 /* Controladores */,
				C511252E1973868D00CECCAD /* ObjetosJogo */,
				23477FF719463E0E00479AFE /* Falas e Cutscenes */,
				CDB3FA4C194BA61D0099CF6C /* SKScenes */,
				94080EAF1933BA290024FB94 /* DQAppDelegate.h */,
				94080EB01933BA290024FB94 /* DQAppDelegate.m */,
				755876FA199AB4890084E5AC /* DQMissao.h */,
				755876FB199AB4890084E5AC /* DQMissao.m */,
				CDE817F11933C790003516E7 /* DQJogador.h */,
				CDE817F21933C790003516E7 /* DQJogador.m */,
				23A538E7196C6E9E00821BAF /* DQnpc.h */,
				23A538E8196C6E9E00821BAF /* DQnpc.m */,
				3CABE62C1977533F0064199A /* DQCoberturaBackground.h */,
				3CABE62D1977533F0064199A /* DQCoberturaBackground.m */,
				C51125881973AB4E00CECCAD /* DQBarraStatus.h */,
				C51125891973AB4E00CECCAD /* DQBarraStatus.m */,
				9488195E19901A4600609A0F /* DQItensJogador.h */,
				9488195F19901A4600609A0F /* DQItensJogador.m */,
				C54031EC1989FED0003384AB /* Menu */,
				94080EBD1933BA290024FB94 /* Images.xcassets */,
				94080EB21933BA290024FB94 /* Main.storyboard */,
				94080EA71933BA290024FB94 /* Supporting Files */,
			);
			path = DrQuim;
			sourceTree = "<group>";
		};
		94080EA71933BA290024FB94 /* Supporting Files */ = {
			isa = PBXGroup;
			children = (
				3CA4549A1969C70C00FB62D5 /* beep.mp3 */,
				94AE258A19351620003E6015 /* Imagens */,
				94080EA81933BA290024FB94 /* DrQuim-Info.plist */,
				94080EA91933BA290024FB94 /* InfoPlist.strings */,
				94080EAC1933BA290024FB94 /* main.m */,
				94080EAE1933BA290024FB94 /* DrQuim-Prefix.pch */,
			);
			name = "Supporting Files";
			sourceTree = "<group>";
		};
		94080ECA1933BA2A0024FB94 /* DrQuimTests */ = {
			isa = PBXGroup;
			children = (
				94080ED01933BA2A0024FB94 /* DrQuimTests.m */,
				94080ECB1933BA2A0024FB94 /* Supporting Files */,
			);
			path = DrQuimTests;
			sourceTree = "<group>";
		};
		94080ECB1933BA2A0024FB94 /* Supporting Files */ = {
			isa = PBXGroup;
			children = (
				94080ECC1933BA2A0024FB94 /* DrQuimTests-Info.plist */,
				94080ECD1933BA2A0024FB94 /* InfoPlist.strings */,
			);
			name = "Supporting Files";
			sourceTree = "<group>";
		};
		9433F5D71937B4BB00E55E73 /* Personagens */ = {
			isa = PBXGroup;
			children = (
				C51125931973B00B00CECCAD /* NPCS.atlas */,
				23BFA4AB196A3CE100AD5F0C /* Rostos */,
				C57D7C2B1964E99000EF94C9 /* Jogador.png */,
			);
			path = Personagens;
			sourceTree = "<group>";
		};
		94AE258A19351620003E6015 /* Imagens */ = {
			isa = PBXGroup;
			children = (
				C5BFD5A7198C5000005F3460 /* cutScenes */,
				C5E1F40B198AD0A300F7A320 /* itens.atlas */,
				3CAC84201979F630000FB1A1 /* Animacoes */,
				23622C081975F4CB00D83532 /* tutorialCorrerDireita.atlas */,
				23622C091975F4CB00D83532 /* tutorialCorrerEsquerda.atlas */,
				C5B7FBD81975F24100C2CAFC /* tutorialPular.atlas */,
				C5E1F416198B223800F7A320 /* Menu.atlas */,
				CD2FE184194B3BEE006E3AC1 /* Fases */,
				9433F5D71937B4BB00E55E73 /* Personagens */,
				C5B7FBDE19762A1A00C2CAFC /* BalaoAlerta.png */,
				23BFADBC1966E4FB00691C04 /* setinhas.png */,
				23BFA4A9196A3CC700AD5F0C /* icon.png */,
				C51125911973AB6000CECCAD /* FundoHUD.png */,
			);
			path = Imagens;
			sourceTree = "<group>";
		};
		C511252E1973868D00CECCAD /* ObjetosJogo */ = {
			isa = PBXGroup;
			children = (
				C54031ED1989FEE7003384AB /* DQItem.h */,
				C54031EE1989FEE7003384AB /* DQItem.m */,
				C54031DF1989FE98003384AB /* DQTexto.h */,
				C54031E01989FE98003384AB /* DQTexto.m */,
				C54B79C51972440400366512 /* DQEscalavel.h */,
				C54B79C61972440400366512 /* DQEscalavel.m */,
				C591815F1967756700AFD8B5 /* DQPlataforma.h */,
				C59181601967756700AFD8B5 /* DQPlataforma.m */,
			);
			name = ObjetosJogo;
			sourceTree = "<group>";
		};
		C54031EC1989FED0003384AB /* Menu */ = {
			isa = PBXGroup;
			children = (
				C54031D01989FE98003384AB /* DQMenu.h */,
				C54031D11989FE98003384AB /* DQMenu.m */,
				C54031D21989FE98003384AB /* DQMenuConfiguracao.h */,
				C54031D31989FE98003384AB /* DQMenuConfiguracao.m */,
				C54031D41989FE98003384AB /* DQMenuItem.h */,
				C54031D51989FE98003384AB /* DQMenuItem.m */,
				C54031D61989FE98003384AB /* DQMenuQuest.h */,
				C54031D71989FE98003384AB /* DQMenuQuest.m */,
				C54031D81989FE98003384AB /* DQMenuReceita.h */,
				C54031D91989FE98003384AB /* DQMenuReceita.m */,
				C54031DA1989FE98003384AB /* DQOpcaoMenu.h */,
				C54031DB1989FE98003384AB /* DQOpcaoMenu.m */,
				C54031DC1989FE98003384AB /* DQProtocolMenu.h */,
			);
			name = Menu;
			sourceTree = "<group>";
		};
		C561AE89197495300008BE67 /* Fase2 */ = {
			isa = PBXGroup;
			children = (
				C5EE3A571974A9FD008D3D8D /* Fase2_Parte1.png */,
				C5EE3A581974A9FD008D3D8D /* Fase2_Parte2.png */,
				C5EE3A591974A9FD008D3D8D /* Fase2_Parte3.png */,
				C5EE3A5A1974A9FD008D3D8D /* Fase2_Parte4.png */,
			);
			name = Fase2;
			path = MapaFundo/Fase2;
			sourceTree = "<group>";
		};
		C57D7C2A1964E3A100EF94C9 /* Controladores */ = {
			isa = PBXGroup;
			children = (
				755876F7199AB4690084E5AC /* DQMissaoControle.h */,
				755876F8199AB4690084E5AC /* DQMissaoControle.m */,
				755876F4199AB4590084E5AC /* DQFalasNoJogoControle.h */,
				755876F5199AB4590084E5AC /* DQFalasNoJogoControle.m */,
				755876EB199AB24B0084E5AC /* DQCutsceneControle.h */,
				755876EC199AB24B0084E5AC /* DQCutsceneControle.m */,
				C5E1F413198AECC800F7A320 /* DQControleUserDefalts.h */,
				C5E1F414198AECC800F7A320 /* DQControleUserDefalts.m */,
				C54031CE1989FE98003384AB /* DQControleReceita.h */,
				C54031CF1989FE98003384AB /* DQControleReceita.m */,
				C54031CA1989FE98003384AB /* DQConfigMenu.h */,
				C54031CB1989FE98003384AB /* DQConfigMenu.m */,
				C54031DD1989FE98003384AB /* DQReferenciaMissaoJogador.h */,
				C54031DE1989FE98003384AB /* DQReferenciaMissaoJogador.m */,
				C511258A1973AB4E00CECCAD /* DQHudController.h */,
				C511258B1973AB4E00CECCAD /* DQHudController.m */,
				94080EB51933BA290024FB94 /* DQViewController.h */,
				94080EB61933BA290024FB94 /* DQViewController.m */,
				947A33D91959EED1003EC57D /* DQControleCorpoFisico.h */,
				947A33DA1959EED1003EC57D /* DQControleCorpoFisico.m */,
				C5B174091968C77800143B8D /* DQConfiguracaoFase.h */,
				C5B1740A1968C77800143B8D /* DQConfiguracaoFase.m */,
				C5BFD5A2198C4F53005F3460 /* DQVidaControle.h */,
				C5BFD5A3198C4F53005F3460 /* DQVidaControle.m */,
			);
			name = Controladores;
			sourceTree = "<group>";
		};
		C5BFD5A7198C5000005F3460 /* cutScenes */ = {
			isa = PBXGroup;
			children = (
				C5BFD5A5198C4FF0005F3460 /* cutscene3.atlas */,
				3C26D9081974B4A2002FEC9A /* cutscene2.atlas */,
				3C26D9061974B499002FEC9A /* cutscene1.atlas */,
			);
			name = cutScenes;
			sourceTree = "<group>";
		};
		CD2FE184194B3BEE006E3AC1 /* Fases */ = {
			isa = PBXGroup;
			children = (
				CD2FE185194B3BFD006E3AC1 /* Fase1 */,
				C561AE89197495300008BE67 /* Fase2 */,
			);
			name = Fases;
			sourceTree = "<group>";
		};
		CD2FE185194B3BFD006E3AC1 /* Fase1 */ = {
			isa = PBXGroup;
			children = (
				C5D2A693196A535800F3B7C4 /* Fase1_Parte1.png */,
				C5D2A694196A535800F3B7C4 /* Fase1_Parte2.png */,
				C5D2A695196A535800F3B7C4 /* Fase1_Parte3.png */,
				C5D2A696196A535800F3B7C4 /* Fase1_Parte4_Coberta.png */,
				C5D2A697196A535800F3B7C4 /* Fase1_Parte4.png */,
				C5D2A698196A535800F3B7C4 /* Fase1_Parte5.png */,
				C5D2A699196A535800F3B7C4 /* Fase1_Parte6.png */,
				C5D2A69A196A535800F3B7C4 /* Fase1_Parte7.png */,
				C5D2A69B196A535800F3B7C4 /* Fase1_Parte8.png */,
			);
			name = Fase1;
			sourceTree = "<group>";
		};
		CDB3FA4C194BA61D0099CF6C /* SKScenes */ = {
			isa = PBXGroup;
			children = (
				752FB1D01935146300DB4328 /* DQFlorestaParte1.h */,
				752FB1D11935146300DB4328 /* DQFlorestaParte1.m */,
				C54031F01989FF4A003384AB /* DQFlorestaParte2.h */,
				C54031F11989FF4A003384AB /* DQFlorestaParte2.m */,
				C56A9D80196E252C00DD2347 /* DQFase.h */,
				C56A9D81196E252C00DD2347 /* DQFase.m */,
				C54B79B11971CC3D00366512 /* DQVila.h */,
				C54B79B21971CC3D00366512 /* DQVila.m */,
			);
			name = SKScenes;
			sourceTree = "<group>";
		};
/* End PBXGroup section */

/* Begin PBXNativeTarget section */
		94080E9A1933BA290024FB94 /* DrQuim */ = {
			isa = PBXNativeTarget;
			buildConfigurationList = 94080ED41933BA2A0024FB94 /* Build configuration list for PBXNativeTarget "DrQuim" */;
			buildPhases = (
				94080E971933BA290024FB94 /* Sources */,
				94080E981933BA290024FB94 /* Frameworks */,
				94080E991933BA290024FB94 /* Resources */,
			);
			buildRules = (
			);
			dependencies = (
			);
			name = DrQuim;
			productName = DrQuim;
			productReference = 94080E9B1933BA290024FB94 /* DrQuim.app */;
			productType = "com.apple.product-type.application";
		};
		94080EC21933BA290024FB94 /* DrQuimTests */ = {
			isa = PBXNativeTarget;
			buildConfigurationList = 94080ED71933BA2A0024FB94 /* Build configuration list for PBXNativeTarget "DrQuimTests" */;
			buildPhases = (
				94080EBF1933BA290024FB94 /* Sources */,
				94080EC01933BA290024FB94 /* Frameworks */,
				94080EC11933BA290024FB94 /* Resources */,
			);
			buildRules = (
			);
			dependencies = (
				94080EC91933BA2A0024FB94 /* PBXTargetDependency */,
			);
			name = DrQuimTests;
			productName = DrQuimTests;
			productReference = 94080EC31933BA290024FB94 /* DrQuimTests.xctest */;
			productType = "com.apple.product-type.bundle.unit-test";
		};
/* End PBXNativeTarget section */

/* Begin PBXProject section */
		94080E931933BA290024FB94 /* Project object */ = {
			isa = PBXProject;
			attributes = {
				CLASSPREFIX = DQ;
				LastUpgradeCheck = 0510;
				ORGANIZATIONNAME = "LEONARDO DE SOUSA MENDES";
				TargetAttributes = {
					94080E9A1933BA290024FB94 = {
						DevelopmentTeam = ERCN3R99BZ;
					};
					94080EC21933BA290024FB94 = {
						TestTargetID = 94080E9A1933BA290024FB94;
					};
				};
			};
			buildConfigurationList = 94080E961933BA290024FB94 /* Build configuration list for PBXProject "DrQuim" */;
			compatibilityVersion = "Xcode 3.2";
			developmentRegion = English;
			hasScannedForEncodings = 0;
			knownRegions = (
				en,
				Base,
			);
			mainGroup = 94080E921933BA290024FB94;
			productRefGroup = 94080E9C1933BA290024FB94 /* Products */;
			projectDirPath = "";
			projectRoot = "";
			targets = (
				94080E9A1933BA290024FB94 /* DrQuim */,
				94080EC21933BA290024FB94 /* DrQuimTests */,
			);
		};
/* End PBXProject section */

/* Begin PBXResourcesBuildPhase section */
		94080E991933BA290024FB94 /* Resources */ = {
			isa = PBXResourcesBuildPhase;
			buildActionMask = 2147483647;
			files = (
				C5EE3A5B1974A9FD008D3D8D /* Fase2_Parte1.png in Resources */,
				C5E1F40D198AD0A300F7A320 /* itens.atlas in Resources */,
				3CAC84271979F63D000FB1A1 /* Caindo.atlas in Resources */,
				C5D2A6A3196A535800F3B7C4 /* Fase1_Parte7.png in Resources */,
				23BFA4AA196A3CC700AD5F0C /* icon.png in Resources */,
				9488196A19901A6D00609A0F /* ConfigMenu.plist in Resources */,
				9488196D19901A6D00609A0F /* ItensReferencia.plist in Resources */,
				C54031BB1989FDB1003384AB /* rostoChefeSimpatico.png in Resources */,
				9488197019901A6D00609A0F /* Receitas.plist in Resources */,
				C54031BE1989FDB1003384AB /* rostoMaedetodos.png in Resources */,
				3CAC8435197A01FB000FB1A1 /* Andando.atlas in Resources */,
				3CA4549B1969C70C00FB62D5 /* beep.mp3 in Resources */,
				753554631992C8F3006B62FA /* DerrapandoDr.atlas in Resources */,
				C5D2A6A1196A535800F3B7C4 /* Fase1_Parte5.png in Resources */,
				C54031BA1989FDB1003384AB /* rostoChefeRanzinza.png in Resources */,
				94080EAB1933BA290024FB94 /* InfoPlist.strings in Resources */,
				C51125921973AB6000CECCAD /* FundoHUD.png in Resources */,
				94080EBE1933BA290024FB94 /* Images.xcassets in Resources */,
				C5EE3A5C1974A9FD008D3D8D /* Fase2_Parte2.png in Resources */,
				3CAC84301979FAD5000FB1A1 /* Derrapando.atlas in Resources */,
				9488197419901AE200609A0F /* rostoPiloto.png in Resources */,
				23622C0A1975F4CB00D83532 /* tutorialCorrerDireita.atlas in Resources */,
				C5D2A69D196A535800F3B7C4 /* Fase1_Parte2.png in Resources */,
				C5BFD5A6198C4FF0005F3460 /* cutscene3.atlas in Resources */,
				C5EE3A5D1974A9FD008D3D8D /* Fase2_Parte3.png in Resources */,
				3CAC8436197A01FB000FB1A1 /* Pulando.atlas in Resources */,
				C57D7C2C1964E99000EF94C9 /* Jogador.png in Resources */,
				3CAC84311979FAD5000FB1A1 /* Parado.atlas in Resources */,
				C5B7FBDA1975F24100C2CAFC /* tutorialPular.atlas in Resources */,
				3CAC84281979F63D000FB1A1 /* Escalando.atlas in Resources */,
				23BFADBD1966E4FB00691C04 /* setinhas.png in Resources */,
				9488197319901AE200609A0F /* rostoCientista.png in Resources */,
				C5D2A69C196A535800F3B7C4 /* Fase1_Parte1.png in Resources */,
				9488196B19901A6D00609A0F /* FalasNoJogo.plist in Resources */,
				23622C0B1975F4CB00D83532 /* tutorialCorrerEsquerda.atlas in Resources */,
				C5D2A6A2196A535800F3B7C4 /* Fase1_Parte6.png in Resources */,
				9488196919901A6D00609A0F /* ConfigFase.plist in Resources */,
				3CAC84261979F63D000FB1A1 /* AndandoDr.atlas in Resources */,
				948819761990218400609A0F /* FalasCutScene.plist in Resources */,
				C5D2A69E196A535800F3B7C4 /* Fase1_Parte3.png in Resources */,
				3C26D9071974B499002FEC9A /* cutscene1.atlas in Resources */,
				C5D2A6A0196A535800F3B7C4 /* Fase1_Parte4.png in Resources */,
				C51125941973B00B00CECCAD /* NPCS.atlas in Resources */,
				C5D2A6A4196A535800F3B7C4 /* Fase1_Parte8.png in Resources */,
				3C26D9091974B4A2002FEC9A /* cutscene2.atlas in Resources */,
				9488196C19901A6D00609A0F /* ItensJogador.plist in Resources */,
				9488196E19901A6D00609A0F /* MissoesJogador.plist in Resources */,
				C5E1F417198B223800F7A320 /* Menu.atlas in Resources */,
				753554621992C8F3006B62FA /* CaindoDr.atlas in Resources */,
				C5B7FBDF19762A1A00C2CAFC /* BalaoAlerta.png in Resources */,
				C54031B91989FDB1003384AB /* rostoCacador.png in Resources */,
				3CAC84291979F63D000FB1A1 /* ParadoDr.atlas in Resources */,
				C5D2A69F196A535800F3B7C4 /* Fase1_Parte4_Coberta.png in Resources */,
				C54031BD1989FDB1003384AB /* rostoCurandeiro.png in Resources */,
				3CAC842A1979F63D000FB1A1 /* PulandoDr.atlas in Resources */,
				C5EE3A5E1974A9FD008D3D8D /* Fase2_Parte4.png in Resources */,
				94080EB41933BA290024FB94 /* Main.storyboard in Resources */,
			);
			runOnlyForDeploymentPostprocessing = 0;
		};
		94080EC11933BA290024FB94 /* Resources */ = {
			isa = PBXResourcesBuildPhase;
			buildActionMask = 2147483647;
			files = (
				94080ECF1933BA2A0024FB94 /* InfoPlist.strings in Resources */,
			);
			runOnlyForDeploymentPostprocessing = 0;
		};
/* End PBXResourcesBuildPhase section */

/* Begin PBXSourcesBuildPhase section */
		94080E971933BA290024FB94 /* Sources */ = {
			isa = PBXSourcesBuildPhase;
			buildActionMask = 2147483647;
			files = (
				C5E1F415198AECC800F7A320 /* DQControleUserDefalts.m in Sources */,
				23A538E9196C6E9E00821BAF /* DQnpc.m in Sources */,
				947A33DB1959EED1003EC57D /* DQControleCorpoFisico.m in Sources */,
				CDE817F31933C790003516E7 /* DQJogador.m in Sources */,
				C54031EA1989FE98003384AB /* DQReferenciaMissaoJogador.m in Sources */,
				94080EAD1933BA290024FB94 /* main.m in Sources */,
				C54031EF1989FEE7003384AB /* DQItem.m in Sources */,
				755876F6199AB4590084E5AC /* DQFalasNoJogoControle.m in Sources */,
				94080EB71933BA290024FB94 /* DQViewController.m in Sources */,
				C54031E61989FE98003384AB /* DQMenuItem.m in Sources */,
				C56A9D82196E252C00DD2347 /* DQFase.m in Sources */,
				C54031E11989FE98003384AB /* DQConfigMenu.m in Sources */,
				C5BFD5A4198C4F53005F3460 /* DQVidaControle.m in Sources */,
				C54031E71989FE98003384AB /* DQMenuQuest.m in Sources */,
				C54031E51989FE98003384AB /* DQMenuConfiguracao.m in Sources */,
				94080EB11933BA290024FB94 /* DQAppDelegate.m in Sources */,
				C54031EB1989FE98003384AB /* DQTexto.m in Sources */,
				C54031E31989FE98003384AB /* DQControleReceita.m in Sources */,
				C54031E41989FE98003384AB /* DQMenu.m in Sources */,
				C54031E81989FE98003384AB /* DQMenuReceita.m in Sources */,
				C54B79B31971CC3D00366512 /* DQVila.m in Sources */,
				755876F3199AB4350084E5AC /* DQCutsceneTela.m in Sources */,
				3CABE62E1977533F0064199A /* DQCoberturaBackground.m in Sources */,
				C5B1740B1968C77800143B8D /* DQConfiguracaoFase.m in Sources */,
				755876F9199AB4690084E5AC /* DQMissaoControle.m in Sources */,
				C511258E1973AB4E00CECCAD /* DQBarraStatus.m in Sources */,
				755876ED199AB24B0084E5AC /* DQCutsceneControle.m in Sources */,
				C54031F21989FF4A003384AB /* DQFlorestaParte2.m in Sources */,
				C59181611967756700AFD8B5 /* DQPlataforma.m in Sources */,
				C54031E91989FE98003384AB /* DQOpcaoMenu.m in Sources */,
				755876F0199AB2790084E5AC /* DQFala.m in Sources */,
				C54B79C71972440400366512 /* DQEscalavel.m in Sources */,
				752FB1D21935146300DB4328 /* DQFlorestaParte1.m in Sources */,
				755876FC199AB4890084E5AC /* DQMissao.m in Sources */,
				C511258F1973AB4E00CECCAD /* DQHudController.m in Sources */,
				23A6DE9B19477F1500982F9D /* DQCena.m in Sources */,
				9488196019901A4600609A0F /* DQItensJogador.m in Sources */,
			);
			runOnlyForDeploymentPostprocessing = 0;
		};
		94080EBF1933BA290024FB94 /* Sources */ = {
			isa = PBXSourcesBuildPhase;
			buildActionMask = 2147483647;
			files = (
				94080ED11933BA2A0024FB94 /* DrQuimTests.m in Sources */,
			);
			runOnlyForDeploymentPostprocessing = 0;
		};
/* End PBXSourcesBuildPhase section */

/* Begin PBXTargetDependency section */
		94080EC91933BA2A0024FB94 /* PBXTargetDependency */ = {
			isa = PBXTargetDependency;
			target = 94080E9A1933BA290024FB94 /* DrQuim */;
			targetProxy = 94080EC81933BA2A0024FB94 /* PBXContainerItemProxy */;
		};
/* End PBXTargetDependency section */

/* Begin PBXVariantGroup section */
		94080EA91933BA290024FB94 /* InfoPlist.strings */ = {
			isa = PBXVariantGroup;
			children = (
				94080EAA1933BA290024FB94 /* en */,
			);
			name = InfoPlist.strings;
			sourceTree = "<group>";
		};
		94080EB21933BA290024FB94 /* Main.storyboard */ = {
			isa = PBXVariantGroup;
			children = (
				94080EB31933BA290024FB94 /* Base */,
			);
			name = Main.storyboard;
			sourceTree = "<group>";
		};
		94080ECD1933BA2A0024FB94 /* InfoPlist.strings */ = {
			isa = PBXVariantGroup;
			children = (
				94080ECE1933BA2A0024FB94 /* en */,
			);
			name = InfoPlist.strings;
			sourceTree = "<group>";
		};
/* End PBXVariantGroup section */

/* Begin XCBuildConfiguration section */
		94080ED21933BA2A0024FB94 /* Debug */ = {
			isa = XCBuildConfiguration;
			buildSettings = {
				ALWAYS_SEARCH_USER_PATHS = NO;
				CLANG_CXX_LANGUAGE_STANDARD = "gnu++0x";
				CLANG_CXX_LIBRARY = "libc++";
				CLANG_ENABLE_MODULES = YES;
				CLANG_ENABLE_OBJC_ARC = YES;
				CLANG_WARN_BOOL_CONVERSION = YES;
				CLANG_WARN_CONSTANT_CONVERSION = YES;
				CLANG_WARN_DIRECT_OBJC_ISA_USAGE = YES_ERROR;
				CLANG_WARN_EMPTY_BODY = YES;
				CLANG_WARN_ENUM_CONVERSION = YES;
				CLANG_WARN_INT_CONVERSION = YES;
				CLANG_WARN_OBJC_ROOT_CLASS = YES_ERROR;
				CLANG_WARN__DUPLICATE_METHOD_MATCH = YES;
				"CODE_SIGN_IDENTITY[sdk=iphoneos*]" = "iPhone Developer";
				COPY_PHASE_STRIP = NO;
				GCC_C_LANGUAGE_STANDARD = gnu99;
				GCC_DYNAMIC_NO_PIC = NO;
				GCC_OPTIMIZATION_LEVEL = 0;
				GCC_PREPROCESSOR_DEFINITIONS = (
					"DEBUG=1",
					"$(inherited)",
				);
				GCC_SYMBOLS_PRIVATE_EXTERN = NO;
				GCC_WARN_64_TO_32_BIT_CONVERSION = YES;
				GCC_WARN_ABOUT_RETURN_TYPE = YES_ERROR;
				GCC_WARN_UNDECLARED_SELECTOR = YES;
				GCC_WARN_UNINITIALIZED_AUTOS = YES_AGGRESSIVE;
				GCC_WARN_UNUSED_FUNCTION = YES;
				GCC_WARN_UNUSED_VARIABLE = YES;
				IPHONEOS_DEPLOYMENT_TARGET = 7.1;
				ONLY_ACTIVE_ARCH = YES;
				SDKROOT = iphoneos;
				TARGETED_DEVICE_FAMILY = 2;
			};
			name = Debug;
		};
		94080ED31933BA2A0024FB94 /* Release */ = {
			isa = XCBuildConfiguration;
			buildSettings = {
				ALWAYS_SEARCH_USER_PATHS = NO;
				CLANG_CXX_LANGUAGE_STANDARD = "gnu++0x";
				CLANG_CXX_LIBRARY = "libc++";
				CLANG_ENABLE_MODULES = YES;
				CLANG_ENABLE_OBJC_ARC = YES;
				CLANG_WARN_BOOL_CONVERSION = YES;
				CLANG_WARN_CONSTANT_CONVERSION = YES;
				CLANG_WARN_DIRECT_OBJC_ISA_USAGE = YES_ERROR;
				CLANG_WARN_EMPTY_BODY = YES;
				CLANG_WARN_ENUM_CONVERSION = YES;
				CLANG_WARN_INT_CONVERSION = YES;
				CLANG_WARN_OBJC_ROOT_CLASS = YES_ERROR;
				CLANG_WARN__DUPLICATE_METHOD_MATCH = YES;
				"CODE_SIGN_IDENTITY[sdk=iphoneos*]" = "iPhone Developer";
				COPY_PHASE_STRIP = YES;
				ENABLE_NS_ASSERTIONS = NO;
				GCC_C_LANGUAGE_STANDARD = gnu99;
				GCC_WARN_64_TO_32_BIT_CONVERSION = YES;
				GCC_WARN_ABOUT_RETURN_TYPE = YES_ERROR;
				GCC_WARN_UNDECLARED_SELECTOR = YES;
				GCC_WARN_UNINITIALIZED_AUTOS = YES_AGGRESSIVE;
				GCC_WARN_UNUSED_FUNCTION = YES;
				GCC_WARN_UNUSED_VARIABLE = YES;
				IPHONEOS_DEPLOYMENT_TARGET = 7.1;
				SDKROOT = iphoneos;
				TARGETED_DEVICE_FAMILY = 2;
				VALIDATE_PRODUCT = YES;
			};
			name = Release;
		};
		94080ED51933BA2A0024FB94 /* Debug */ = {
			isa = XCBuildConfiguration;
			buildSettings = {
				ASSETCATALOG_COMPILER_APPICON_NAME = AppIcon;
				ASSETCATALOG_COMPILER_LAUNCHIMAGE_NAME = LaunchImage;
				CODE_SIGN_IDENTITY = "iPhone Developer";
				"CODE_SIGN_IDENTITY[sdk=iphoneos*]" = "iPhone Developer";
				GCC_PRECOMPILE_PREFIX_HEADER = YES;
				GCC_PREFIX_HEADER = "DrQuim/DrQuim-Prefix.pch";
				INFOPLIST_FILE = "DrQuim/DrQuim-Info.plist";
				IPHONEOS_DEPLOYMENT_TARGET = 7.0;
				PRODUCT_NAME = "$(TARGET_NAME)";
				PROVISIONING_PROFILE = "";
				SPRITEKIT_TEXTURE_ATLAS_OUTPUT = YES;
				TARGETED_DEVICE_FAMILY = 2;
				WRAPPER_EXTENSION = app;
			};
			name = Debug;
		};
		94080ED61933BA2A0024FB94 /* Release */ = {
			isa = XCBuildConfiguration;
			buildSettings = {
				ASSETCATALOG_COMPILER_APPICON_NAME = AppIcon;
				ASSETCATALOG_COMPILER_LAUNCHIMAGE_NAME = LaunchImage;
				CODE_SIGN_IDENTITY = "iPhone Developer";
				"CODE_SIGN_IDENTITY[sdk=iphoneos*]" = "iPhone Developer";
				GCC_PRECOMPILE_PREFIX_HEADER = YES;
				GCC_PREFIX_HEADER = "DrQuim/DrQuim-Prefix.pch";
				INFOPLIST_FILE = "DrQuim/DrQuim-Info.plist";
				IPHONEOS_DEPLOYMENT_TARGET = 7.0;
				PRODUCT_NAME = "$(TARGET_NAME)";
				PROVISIONING_PROFILE = "";
				SPRITEKIT_TEXTURE_ATLAS_OUTPUT = YES;
				TARGETED_DEVICE_FAMILY = 2;
				WRAPPER_EXTENSION = app;
			};
			name = Release;
		};
		94080ED81933BA2A0024FB94 /* Debug */ = {
			isa = XCBuildConfiguration;
			buildSettings = {
				BUNDLE_LOADER = "$(BUILT_PRODUCTS_DIR)/DrQuim.app/DrQuim";
				FRAMEWORK_SEARCH_PATHS = (
					"$(SDKROOT)/Developer/Library/Frameworks",
					"$(inherited)",
					"$(DEVELOPER_FRAMEWORKS_DIR)",
				);
				GCC_PRECOMPILE_PREFIX_HEADER = YES;
				GCC_PREFIX_HEADER = "DrQuim/DrQuim-Prefix.pch";
				GCC_PREPROCESSOR_DEFINITIONS = (
					"DEBUG=1",
					"$(inherited)",
				);
				INFOPLIST_FILE = "DrQuimTests/DrQuimTests-Info.plist";
				PRODUCT_NAME = "$(TARGET_NAME)";
				TEST_HOST = "$(BUNDLE_LOADER)";
				WRAPPER_EXTENSION = xctest;
			};
			name = Debug;
		};
		94080ED91933BA2A0024FB94 /* Release */ = {
			isa = XCBuildConfiguration;
			buildSettings = {
				BUNDLE_LOADER = "$(BUILT_PRODUCTS_DIR)/DrQuim.app/DrQuim";
				FRAMEWORK_SEARCH_PATHS = (
					"$(SDKROOT)/Developer/Library/Frameworks",
					"$(inherited)",
					"$(DEVELOPER_FRAMEWORKS_DIR)",
				);
				GCC_PRECOMPILE_PREFIX_HEADER = YES;
				GCC_PREFIX_HEADER = "DrQuim/DrQuim-Prefix.pch";
				INFOPLIST_FILE = "DrQuimTests/DrQuimTests-Info.plist";
				PRODUCT_NAME = "$(TARGET_NAME)";
				TEST_HOST = "$(BUNDLE_LOADER)";
				WRAPPER_EXTENSION = xctest;
			};
			name = Release;
		};
/* End XCBuildConfiguration section */

/* Begin XCConfigurationList section */
		94080E961933BA290024FB94 /* Build configuration list for PBXProject "DrQuim" */ = {
			isa = XCConfigurationList;
			buildConfigurations = (
				94080ED21933BA2A0024FB94 /* Debug */,
				94080ED31933BA2A0024FB94 /* Release */,
			);
			defaultConfigurationIsVisible = 0;
			defaultConfigurationName = Release;
		};
		94080ED41933BA2A0024FB94 /* Build configuration list for PBXNativeTarget "DrQuim" */ = {
			isa = XCConfigurationList;
			buildConfigurations = (
				94080ED51933BA2A0024FB94 /* Debug */,
				94080ED61933BA2A0024FB94 /* Release */,
			);
			defaultConfigurationIsVisible = 0;
			defaultConfigurationName = Release;
		};
		94080ED71933BA2A0024FB94 /* Build configuration list for PBXNativeTarget "DrQuimTests" */ = {
			isa = XCConfigurationList;
			buildConfigurations = (
				94080ED81933BA2A0024FB94 /* Debug */,
				94080ED91933BA2A0024FB94 /* Release */,
			);
			defaultConfigurationIsVisible = 0;
			defaultConfigurationName = Release;
		};
/* End XCConfigurationList section */
	};
	rootObject = 94080E931933BA290024FB94 /* Project object */;
}
